
Microsoft Visual Studio Solution File, Format Version 12.00
# Visual Studio 14
VisualStudioVersion = 14.0.25123.0
MinimumVisualStudioVersion = 10.0.40219.1
Project("{FAE04EC0-301F-11D3-BF4B-00C04F79EFBC}") = "RRExpress.Droid", "RRExpress\RRExpress.Droid\RRExpress.Droid.csproj", "{4ADA4E3D-146A-4802-87F4-6F4EC103DBE9}"
EndProject
Project("{FAE04EC0-301F-11D3-BF4B-00C04F79EFBC}") = "RRExpress.iOS", "RRExpress\RRExpress.iOS\RRExpress.iOS.csproj", "{0A4319E3-AA81-4FA5-AEFF-E95E96588916}"
EndProject
Project("{FAE04EC0-301F-11D3-BF4B-00C04F79EFBC}") = "RRExpress.WinPhone", "RRExpress\RRExpress.WinPhone\RRExpress.WinPhone.csproj", "{63C38DDC-4CA8-4D7A-81B2-9440F4AC7C90}"
EndProject
Project("{FAE04EC0-301F-11D3-BF4B-00C04F79EFBC}") = "RRExpress.Windows", "RRExpress\RRExpress.Windows\RRExpress.Windows.csproj", "{AC635037-9469-4D52-B899-F904EB19256D}"
EndProject
Project("{FAE04EC0-301F-11D3-BF4B-00C04F79EFBC}") = "RRExpress", "RRExpress\RRExpress\RRExpress.csproj", "{CFE7DF54-7433-4A77-B8C4-69503BD4C744}"
EndProject
Project("{2150E333-8FDC-42A3-9474-1A3956D46DE8}") = "App", "App", "{4998D068-1641-455E-A83C-6867CE02939F}"
EndProject
Project("{2150E333-8FDC-42A3-9474-1A3956D46DE8}") = "Api", "Api", "{F99CBCBF-DB46-468C-85E3-D3BD2A856F03}"
EndProject
Project("{FAE04EC0-301F-11D3-BF4B-00C04F79EFBC}") = "RRExpress.ApiClient", "RRExpress.ApiClient\RRExpress.ApiClient.csproj", "{1B13F01E-361B-4CBF-80C1-759FB3E29EA9}"
EndProject
Project("{FAE04EC0-301F-11D3-BF4B-00C04F79EFBC}") = "MoqServicesHost", "MoqServicesHost\MoqServicesHost.csproj", "{73005F90-5463-47E2-9301-A4A71D628981}"
EndProject
Project("{FAE04EC0-301F-11D3-BF4B-00C04F79EFBC}") = "RRExpress.Service", "RRExpress.Service\RRExpress.Service.csproj", "{2E5785F2-CD59-4D37-A0FB-0C0184CA0424}"
EndProject
Project("{FAE04EC0-301F-11D3-BF4B-00C04F79EFBC}") = "RRExpress.Moq.Auth", "RRExpress.Moq.Auth\RRExpress.Moq.Auth.csproj", "{1B92AFA5-2024-4870-96B9-E71A33AD2D52}"
EndProject
Project("{2150E333-8FDC-42A3-9474-1A3956D46DE8}") = "Global", "Global", "{54C9C530-E1DB-4BAF-B354-1E496C457CDB}"
EndProject
Project("{FAE04EC0-301F-11D3-BF4B-00C04F79EFBC}") = "RRExpress.Common", "RRExpress.Common\RRExpress.Common.csproj", "{BE539183-9A82-4990-8A4E-FD984492B470}"
EndProject
Project("{FAE04EC0-301F-11D3-BF4B-00C04F79EFBC}") = "RRExpress.Common.PCL", "RRExpress.Common.PCL\RRExpress.Common.PCL.csproj", "{8A3B63FA-10A3-4CE9-8932-B3D9AC385018}"
EndProject
Project("{2150E333-8FDC-42A3-9474-1A3956D46DE8}") = "Services", "Services", "{CB553EDD-2565-4424-BD45-076A5F68C33E}"
EndProject
Project("{FAE04EC0-301F-11D3-BF4B-00C04F79EFBC}") = "RRExpress.Api.V1", "RRExpress.Api.V1\RRExpress.Api.V1.csproj", "{3E5925E6-8788-4DC1-9824-7ABF2CD83D3F}"
EndProject
Project("{2150E333-8FDC-42A3-9474-1A3956D46DE8}") = "Controls", "Controls", "{269E0393-49FB-4513-9CCA-2D9EF8B83D2D}"
EndProject
Project("{FAE04EC0-301F-11D3-BF4B-00C04F79EFBC}") = "AsNum.XFControls", "AsNum.XFControls\AsNum.XFControls.csproj", "{09EE72BC-022B-4C66-B805-706B9B90332D}"
EndProject
Project("{FAE04EC0-301F-11D3-BF4B-00C04F79EFBC}") = "AsNum.XFControls.Droid", "AsNum.Control.Droid\AsNum.XFControls.Droid.csproj", "{42808417-9C5A-4CEC-9130-C7BA49A6BEB4}"
EndProject
Project("{FAE04EC0-301F-11D3-BF4B-00C04F79EFBC}") = "RRExpress.Service.Entity", "RRExpress.Service.Entity\RRExpress.Service.Entity.csproj", "{6F10B70A-ABDF-498A-9034-A297E9F14114}"
EndProject
Project("{FAE04EC0-301F-11D3-BF4B-00C04F79EFBC}") = "RRExpress.Service.Entity.PCL", "RRExpress.Service.Entity.PCL\RRExpress.Service.Entity.PCL.csproj", "{B0BC8D7C-2562-4A09-8D28-798582C7AE71}"
EndProject
Project("{FAE04EC0-301F-11D3-BF4B-00C04F79EFBC}") = "RRExpress.ApiClient.Test", "RRExpress.ApiClient.Test\RRExpress.ApiClient.Test.csproj", "{07DDF432-3DA0-4B93-945E-2F16A5332CE9}"
EndProject
Project("{2150E333-8FDC-42A3-9474-1A3956D46DE8}") = "dll", "dll", "{69D7F471-82FB-43A4-818B-F9F909C5CB02}"
	ProjectSection(SolutionItems) = preProject
		dll\WeChatPaySdk.dll = dll\WeChatPaySdk.dll
	EndProjectSection
EndProject
Global
	GlobalSection(SolutionConfigurationPlatforms) = preSolution
		Ad-Hoc|Any CPU = Ad-Hoc|Any CPU
		Ad-Hoc|ARM = Ad-Hoc|ARM
		Ad-Hoc|iPhone = Ad-Hoc|iPhone
		Ad-Hoc|iPhoneSimulator = Ad-Hoc|iPhoneSimulator
		Ad-Hoc|x64 = Ad-Hoc|x64
		Ad-Hoc|x86 = Ad-Hoc|x86
		AppStore|Any CPU = AppStore|Any CPU
		AppStore|ARM = AppStore|ARM
		AppStore|iPhone = AppStore|iPhone
		AppStore|iPhoneSimulator = AppStore|iPhoneSimulator
		AppStore|x64 = AppStore|x64
		AppStore|x86 = AppStore|x86
		Debug|Any CPU = Debug|Any CPU
		Debug|ARM = Debug|ARM
		Debug|iPhone = Debug|iPhone
		Debug|iPhoneSimulator = Debug|iPhoneSimulator
		Debug|x64 = Debug|x64
		Debug|x86 = Debug|x86
		Release|Any CPU = Release|Any CPU
		Release|ARM = Release|ARM
		Release|iPhone = Release|iPhone
		Release|iPhoneSimulator = Release|iPhoneSimulator
		Release|x64 = Release|x64
		Release|x86 = Release|x86
	EndGlobalSection
	GlobalSection(ProjectConfigurationPlatforms) = postSolution
		{4ADA4E3D-146A-4802-87F4-6F4EC103DBE9}.Ad-Hoc|Any CPU.ActiveCfg = Release|Any CPU
		{4ADA4E3D-146A-4802-87F4-6F4EC103DBE9}.Ad-Hoc|Any CPU.Build.0 = Release|Any CPU
		{4ADA4E3D-146A-4802-87F4-6F4EC103DBE9}.Ad-Hoc|Any CPU.Deploy.0 = Release|Any CPU
		{4ADA4E3D-146A-4802-87F4-6F4EC103DBE9}.Ad-Hoc|ARM.ActiveCfg = Release|Any CPU
		{4ADA4E3D-146A-4802-87F4-6F4EC103DBE9}.Ad-Hoc|ARM.Build.0 = Release|Any CPU
		{4ADA4E3D-146A-4802-87F4-6F4EC103DBE9}.Ad-Hoc|ARM.Deploy.0 = Release|Any CPU
		{4ADA4E3D-146A-4802-87F4-6F4EC103DBE9}.Ad-Hoc|iPhone.ActiveCfg = Release|Any CPU
		{4ADA4E3D-146A-4802-87F4-6F4EC103DBE9}.Ad-Hoc|iPhone.Build.0 = Release|Any CPU
		{4ADA4E3D-146A-4802-87F4-6F4EC103DBE9}.Ad-Hoc|iPhone.Deploy.0 = Release|Any CPU
		{4ADA4E3D-146A-4802-87F4-6F4EC103DBE9}.Ad-Hoc|iPhoneSimulator.ActiveCfg = Release|Any CPU
		{4ADA4E3D-146A-4802-87F4-6F4EC103DBE9}.Ad-Hoc|iPhoneSimulator.Build.0 = Release|Any CPU
		{4ADA4E3D-146A-4802-87F4-6F4EC103DBE9}.Ad-Hoc|iPhoneSimulator.Deploy.0 = Release|Any CPU
		{4ADA4E3D-146A-4802-87F4-6F4EC103DBE9}.Ad-Hoc|x64.ActiveCfg = Release|Any CPU
		{4ADA4E3D-146A-4802-87F4-6F4EC103DBE9}.Ad-Hoc|x64.Build.0 = Release|Any CPU
		{4ADA4E3D-146A-4802-87F4-6F4EC103DBE9}.Ad-Hoc|x64.Deploy.0 = Release|Any CPU
		{4ADA4E3D-146A-4802-87F4-6F4EC103DBE9}.Ad-Hoc|x86.ActiveCfg = Release|Any CPU
		{4ADA4E3D-146A-4802-87F4-6F4EC103DBE9}.Ad-Hoc|x86.Build.0 = Release|Any CPU
		{4ADA4E3D-146A-4802-87F4-6F4EC103DBE9}.Ad-Hoc|x86.Deploy.0 = Release|Any CPU
		{4ADA4E3D-146A-4802-87F4-6F4EC103DBE9}.AppStore|Any CPU.ActiveCfg = Release|Any CPU
		{4ADA4E3D-146A-4802-87F4-6F4EC103DBE9}.AppStore|Any CPU.Build.0 = Release|Any CPU
		{4ADA4E3D-146A-4802-87F4-6F4EC103DBE9}.AppStore|Any CPU.Deploy.0 = Release|Any CPU
		{4ADA4E3D-146A-4802-87F4-6F4EC103DBE9}.AppStore|ARM.ActiveCfg = Release|Any CPU
		{4ADA4E3D-146A-4802-87F4-6F4EC103DBE9}.AppStore|ARM.Build.0 = Release|Any CPU
		{4ADA4E3D-146A-4802-87F4-6F4EC103DBE9}.AppStore|ARM.Deploy.0 = Release|Any CPU
		{4ADA4E3D-146A-4802-87F4-6F4EC103DBE9}.AppStore|iPhone.ActiveCfg = Release|Any CPU
		{4ADA4E3D-146A-4802-87F4-6F4EC103DBE9}.AppStore|iPhone.Build.0 = Release|Any CPU
		{4ADA4E3D-146A-4802-87F4-6F4EC103DBE9}.AppStore|iPhone.Deploy.0 = Release|Any CPU
		{4ADA4E3D-146A-4802-87F4-6F4EC103DBE9}.AppStore|iPhoneSimulator.ActiveCfg = Release|Any CPU
		{4ADA4E3D-146A-4802-87F4-6F4EC103DBE9}.AppStore|iPhoneSimulator.Build.0 = Release|Any CPU
		{4ADA4E3D-146A-4802-87F4-6F4EC103DBE9}.AppStore|iPhoneSimulator.Deploy.0 = Release|Any CPU
		{4ADA4E3D-146A-4802-87F4-6F4EC103DBE9}.AppStore|x64.ActiveCfg = Release|Any CPU
		{4ADA4E3D-146A-4802-87F4-6F4EC103DBE9}.AppStore|x64.Build.0 = Release|Any CPU
		{4ADA4E3D-146A-4802-87F4-6F4EC103DBE9}.AppStore|x64.Deploy.0 = Release|Any CPU
		{4ADA4E3D-146A-4802-87F4-6F4EC103DBE9}.AppStore|x86.ActiveCfg = Release|Any CPU
		{4ADA4E3D-146A-4802-87F4-6F4EC103DBE9}.AppStore|x86.Build.0 = Release|Any CPU
		{4ADA4E3D-146A-4802-87F4-6F4EC103DBE9}.AppStore|x86.Deploy.0 = Release|Any CPU
		{4ADA4E3D-146A-4802-87F4-6F4EC103DBE9}.Debug|Any CPU.ActiveCfg = Debug|Any CPU
		{4ADA4E3D-146A-4802-87F4-6F4EC103DBE9}.Debug|Any CPU.Build.0 = Debug|Any CPU
		{4ADA4E3D-146A-4802-87F4-6F4EC103DBE9}.Debug|Any CPU.Deploy.0 = Debug|Any CPU
		{4ADA4E3D-146A-4802-87F4-6F4EC103DBE9}.Debug|ARM.ActiveCfg = Debug|Any CPU
		{4ADA4E3D-146A-4802-87F4-6F4EC103DBE9}.Debug|ARM.Build.0 = Debug|Any CPU
		{4ADA4E3D-146A-4802-87F4-6F4EC103DBE9}.Debug|ARM.Deploy.0 = Debug|Any CPU
		{4ADA4E3D-146A-4802-87F4-6F4EC103DBE9}.Debug|iPhone.ActiveCfg = Debug|Any CPU
		{4ADA4E3D-146A-4802-87F4-6F4EC103DBE9}.Debug|iPhone.Build.0 = Debug|Any CPU
		{4ADA4E3D-146A-4802-87F4-6F4EC103DBE9}.Debug|iPhone.Deploy.0 = Debug|Any CPU
		{4ADA4E3D-146A-4802-87F4-6F4EC103DBE9}.Debug|iPhoneSimulator.ActiveCfg = Debug|Any CPU
		{4ADA4E3D-146A-4802-87F4-6F4EC103DBE9}.Debug|iPhoneSimulator.Build.0 = Debug|Any CPU
		{4ADA4E3D-146A-4802-87F4-6F4EC103DBE9}.Debug|iPhoneSimulator.Deploy.0 = Debug|Any CPU
		{4ADA4E3D-146A-4802-87F4-6F4EC103DBE9}.Debug|x64.ActiveCfg = Debug|Any CPU
		{4ADA4E3D-146A-4802-87F4-6F4EC103DBE9}.Debug|x64.Build.0 = Debug|Any CPU
		{4ADA4E3D-146A-4802-87F4-6F4EC103DBE9}.Debug|x64.Deploy.0 = Debug|Any CPU
		{4ADA4E3D-146A-4802-87F4-6F4EC103DBE9}.Debug|x86.ActiveCfg = Debug|Any CPU
		{4ADA4E3D-146A-4802-87F4-6F4EC103DBE9}.Debug|x86.Build.0 = Debug|Any CPU
		{4ADA4E3D-146A-4802-87F4-6F4EC103DBE9}.Debug|x86.Deploy.0 = Debug|Any CPU
		{4ADA4E3D-146A-4802-87F4-6F4EC103DBE9}.Release|Any CPU.ActiveCfg = Release|Any CPU
		{4ADA4E3D-146A-4802-87F4-6F4EC103DBE9}.Release|Any CPU.Build.0 = Release|Any CPU
		{4ADA4E3D-146A-4802-87F4-6F4EC103DBE9}.Release|Any CPU.Deploy.0 = Release|Any CPU
		{4ADA4E3D-146A-4802-87F4-6F4EC103DBE9}.Release|ARM.ActiveCfg = Release|Any CPU
		{4ADA4E3D-146A-4802-87F4-6F4EC103DBE9}.Release|ARM.Build.0 = Release|Any CPU
		{4ADA4E3D-146A-4802-87F4-6F4EC103DBE9}.Release|ARM.Deploy.0 = Release|Any CPU
		{4ADA4E3D-146A-4802-87F4-6F4EC103DBE9}.Release|iPhone.ActiveCfg = Release|Any CPU
		{4ADA4E3D-146A-4802-87F4-6F4EC103DBE9}.Release|iPhone.Build.0 = Release|Any CPU
		{4ADA4E3D-146A-4802-87F4-6F4EC103DBE9}.Release|iPhone.Deploy.0 = Release|Any CPU
		{4ADA4E3D-146A-4802-87F4-6F4EC103DBE9}.Release|iPhoneSimulator.ActiveCfg = Release|Any CPU
		{4ADA4E3D-146A-4802-87F4-6F4EC103DBE9}.Release|iPhoneSimulator.Build.0 = Release|Any CPU
		{4ADA4E3D-146A-4802-87F4-6F4EC103DBE9}.Release|iPhoneSimulator.Deploy.0 = Release|Any CPU
		{4ADA4E3D-146A-4802-87F4-6F4EC103DBE9}.Release|x64.ActiveCfg = Release|Any CPU
		{4ADA4E3D-146A-4802-87F4-6F4EC103DBE9}.Release|x64.Build.0 = Release|Any CPU
		{4ADA4E3D-146A-4802-87F4-6F4EC103DBE9}.Release|x64.Deploy.0 = Release|Any CPU
		{4ADA4E3D-146A-4802-87F4-6F4EC103DBE9}.Release|x86.ActiveCfg = Release|Any CPU
		{4ADA4E3D-146A-4802-87F4-6F4EC103DBE9}.Release|x86.Build.0 = Release|Any CPU
		{4ADA4E3D-146A-4802-87F4-6F4EC103DBE9}.Release|x86.Deploy.0 = Release|Any CPU
		{0A4319E3-AA81-4FA5-AEFF-E95E96588916}.Ad-Hoc|Any CPU.ActiveCfg = Ad-Hoc|iPhone
		{0A4319E3-AA81-4FA5-AEFF-E95E96588916}.Ad-Hoc|ARM.ActiveCfg = Ad-Hoc|iPhone
		{0A4319E3-AA81-4FA5-AEFF-E95E96588916}.Ad-Hoc|iPhone.ActiveCfg = Ad-Hoc|iPhone
		{0A4319E3-AA81-4FA5-AEFF-E95E96588916}.Ad-Hoc|iPhone.Build.0 = Ad-Hoc|iPhone
		{0A4319E3-AA81-4FA5-AEFF-E95E96588916}.Ad-Hoc|iPhoneSimulator.ActiveCfg = Ad-Hoc|iPhoneSimulator
		{0A4319E3-AA81-4FA5-AEFF-E95E96588916}.Ad-Hoc|iPhoneSimulator.Build.0 = Ad-Hoc|iPhoneSimulator
		{0A4319E3-AA81-4FA5-AEFF-E95E96588916}.Ad-Hoc|x64.ActiveCfg = Ad-Hoc|iPhone
		{0A4319E3-AA81-4FA5-AEFF-E95E96588916}.Ad-Hoc|x86.ActiveCfg = Ad-Hoc|iPhone
		{0A4319E3-AA81-4FA5-AEFF-E95E96588916}.AppStore|Any CPU.ActiveCfg = AppStore|iPhone
		{0A4319E3-AA81-4FA5-AEFF-E95E96588916}.AppStore|ARM.ActiveCfg = AppStore|iPhone
		{0A4319E3-AA81-4FA5-AEFF-E95E96588916}.AppStore|iPhone.ActiveCfg = AppStore|iPhone
		{0A4319E3-AA81-4FA5-AEFF-E95E96588916}.AppStore|iPhone.Build.0 = AppStore|iPhone
		{0A4319E3-AA81-4FA5-AEFF-E95E96588916}.AppStore|iPhoneSimulator.ActiveCfg = AppStore|iPhoneSimulator
		{0A4319E3-AA81-4FA5-AEFF-E95E96588916}.AppStore|iPhoneSimulator.Build.0 = AppStore|iPhoneSimulator
		{0A4319E3-AA81-4FA5-AEFF-E95E96588916}.AppStore|x64.ActiveCfg = AppStore|iPhone
		{0A4319E3-AA81-4FA5-AEFF-E95E96588916}.AppStore|x86.ActiveCfg = AppStore|iPhone
		{0A4319E3-AA81-4FA5-AEFF-E95E96588916}.Debug|Any CPU.ActiveCfg = Debug|iPhone
		{0A4319E3-AA81-4FA5-AEFF-E95E96588916}.Debug|ARM.ActiveCfg = Debug|iPhone
		{0A4319E3-AA81-4FA5-AEFF-E95E96588916}.Debug|iPhone.ActiveCfg = Debug|iPhone
		{0A4319E3-AA81-4FA5-AEFF-E95E96588916}.Debug|iPhone.Build.0 = Debug|iPhone
		{0A4319E3-AA81-4FA5-AEFF-E95E96588916}.Debug|iPhoneSimulator.ActiveCfg = Debug|iPhoneSimulator
		{0A4319E3-AA81-4FA5-AEFF-E95E96588916}.Debug|iPhoneSimulator.Build.0 = Debug|iPhoneSimulator
		{0A4319E3-AA81-4FA5-AEFF-E95E96588916}.Debug|x64.ActiveCfg = Debug|iPhone
		{0A4319E3-AA81-4FA5-AEFF-E95E96588916}.Debug|x86.ActiveCfg = Debug|iPhone
		{0A4319E3-AA81-4FA5-AEFF-E95E96588916}.Release|Any CPU.ActiveCfg = Release|iPhone
		{0A4319E3-AA81-4FA5-AEFF-E95E96588916}.Release|ARM.ActiveCfg = Release|iPhone
		{0A4319E3-AA81-4FA5-AEFF-E95E96588916}.Release|iPhone.ActiveCfg = Release|iPhone
		{0A4319E3-AA81-4FA5-AEFF-E95E96588916}.Release|iPhone.Build.0 = Release|iPhone
		{0A4319E3-AA81-4FA5-AEFF-E95E96588916}.Release|iPhoneSimulator.ActiveCfg = Release|iPhoneSimulator
		{0A4319E3-AA81-4FA5-AEFF-E95E96588916}.Release|iPhoneSimulator.Build.0 = Release|iPhoneSimulator
		{0A4319E3-AA81-4FA5-AEFF-E95E96588916}.Release|x64.ActiveCfg = Release|iPhone
		{0A4319E3-AA81-4FA5-AEFF-E95E96588916}.Release|x86.ActiveCfg = Release|iPhone
		{63C38DDC-4CA8-4D7A-81B2-9440F4AC7C90}.Ad-Hoc|Any CPU.ActiveCfg = Release|Any CPU
		{63C38DDC-4CA8-4D7A-81B2-9440F4AC7C90}.Ad-Hoc|Any CPU.Build.0 = Release|Any CPU
		{63C38DDC-4CA8-4D7A-81B2-9440F4AC7C90}.Ad-Hoc|Any CPU.Deploy.0 = Release|Any CPU
		{63C38DDC-4CA8-4D7A-81B2-9440F4AC7C90}.Ad-Hoc|ARM.ActiveCfg = Release|ARM
		{63C38DDC-4CA8-4D7A-81B2-9440F4AC7C90}.Ad-Hoc|ARM.Build.0 = Release|ARM
		{63C38DDC-4CA8-4D7A-81B2-9440F4AC7C90}.Ad-Hoc|ARM.Deploy.0 = Release|ARM
		{63C38DDC-4CA8-4D7A-81B2-9440F4AC7C90}.Ad-Hoc|iPhone.ActiveCfg = Release|Any CPU
		{63C38DDC-4CA8-4D7A-81B2-9440F4AC7C90}.Ad-Hoc|iPhone.Build.0 = Release|Any CPU
		{63C38DDC-4CA8-4D7A-81B2-9440F4AC7C90}.Ad-Hoc|iPhone.Deploy.0 = Release|Any CPU
		{63C38DDC-4CA8-4D7A-81B2-9440F4AC7C90}.Ad-Hoc|iPhoneSimulator.ActiveCfg = Release|Any CPU
		{63C38DDC-4CA8-4D7A-81B2-9440F4AC7C90}.Ad-Hoc|iPhoneSimulator.Build.0 = Release|Any CPU
		{63C38DDC-4CA8-4D7A-81B2-9440F4AC7C90}.Ad-Hoc|iPhoneSimulator.Deploy.0 = Release|Any CPU
		{63C38DDC-4CA8-4D7A-81B2-9440F4AC7C90}.Ad-Hoc|x64.ActiveCfg = Release|Any CPU
		{63C38DDC-4CA8-4D7A-81B2-9440F4AC7C90}.Ad-Hoc|x64.Build.0 = Release|Any CPU
		{63C38DDC-4CA8-4D7A-81B2-9440F4AC7C90}.Ad-Hoc|x64.Deploy.0 = Release|Any CPU
		{63C38DDC-4CA8-4D7A-81B2-9440F4AC7C90}.Ad-Hoc|x86.ActiveCfg = Release|x86
		{63C38DDC-4CA8-4D7A-81B2-9440F4AC7C90}.Ad-Hoc|x86.Build.0 = Release|x86
		{63C38DDC-4CA8-4D7A-81B2-9440F4AC7C90}.Ad-Hoc|x86.Deploy.0 = Release|x86
		{63C38DDC-4CA8-4D7A-81B2-9440F4AC7C90}.AppStore|Any CPU.ActiveCfg = Release|Any CPU
		{63C38DDC-4CA8-4D7A-81B2-9440F4AC7C90}.AppStore|Any CPU.Build.0 = Release|Any CPU
		{63C38DDC-4CA8-4D7A-81B2-9440F4AC7C90}.AppStore|Any CPU.Deploy.0 = Release|Any CPU
		{63C38DDC-4CA8-4D7A-81B2-9440F4AC7C90}.AppStore|ARM.ActiveCfg = Release|ARM
		{63C38DDC-4CA8-4D7A-81B2-9440F4AC7C90}.AppStore|ARM.Build.0 = Release|ARM
		{63C38DDC-4CA8-4D7A-81B2-9440F4AC7C90}.AppStore|ARM.Deploy.0 = Release|ARM
		{63C38DDC-4CA8-4D7A-81B2-9440F4AC7C90}.AppStore|iPhone.ActiveCfg = Release|Any CPU
		{63C38DDC-4CA8-4D7A-81B2-9440F4AC7C90}.AppStore|iPhone.Build.0 = Release|Any CPU
		{63C38DDC-4CA8-4D7A-81B2-9440F4AC7C90}.AppStore|iPhone.Deploy.0 = Release|Any CPU
		{63C38DDC-4CA8-4D7A-81B2-9440F4AC7C90}.AppStore|iPhoneSimulator.ActiveCfg = Release|Any CPU
		{63C38DDC-4CA8-4D7A-81B2-9440F4AC7C90}.AppStore|iPhoneSimulator.Build.0 = Release|Any CPU
		{63C38DDC-4CA8-4D7A-81B2-9440F4AC7C90}.AppStore|iPhoneSimulator.Deploy.0 = Release|Any CPU
		{63C38DDC-4CA8-4D7A-81B2-9440F4AC7C90}.AppStore|x64.ActiveCfg = Release|Any CPU
		{63C38DDC-4CA8-4D7A-81B2-9440F4AC7C90}.AppStore|x64.Build.0 = Release|Any CPU
		{63C38DDC-4CA8-4D7A-81B2-9440F4AC7C90}.AppStore|x64.Deploy.0 = Release|Any CPU
		{63C38DDC-4CA8-4D7A-81B2-9440F4AC7C90}.AppStore|x86.ActiveCfg = Release|x86
		{63C38DDC-4CA8-4D7A-81B2-9440F4AC7C90}.AppStore|x86.Build.0 = Release|x86
		{63C38DDC-4CA8-4D7A-81B2-9440F4AC7C90}.AppStore|x86.Deploy.0 = Release|x86
		{63C38DDC-4CA8-4D7A-81B2-9440F4AC7C90}.Debug|Any CPU.ActiveCfg = Debug|Any CPU
		{63C38DDC-4CA8-4D7A-81B2-9440F4AC7C90}.Debug|Any CPU.Build.0 = Debug|Any CPU
		{63C38DDC-4CA8-4D7A-81B2-9440F4AC7C90}.Debug|Any CPU.Deploy.0 = Debug|Any CPU
		{63C38DDC-4CA8-4D7A-81B2-9440F4AC7C90}.Debug|ARM.ActiveCfg = Debug|ARM
		{63C38DDC-4CA8-4D7A-81B2-9440F4AC7C90}.Debug|ARM.Build.0 = Debug|ARM
		{63C38DDC-4CA8-4D7A-81B2-9440F4AC7C90}.Debug|ARM.Deploy.0 = Debug|ARM
		{63C38DDC-4CA8-4D7A-81B2-9440F4AC7C90}.Debug|iPhone.ActiveCfg = Debug|Any CPU
		{63C38DDC-4CA8-4D7A-81B2-9440F4AC7C90}.Debug|iPhone.Build.0 = Debug|Any CPU
		{63C38DDC-4CA8-4D7A-81B2-9440F4AC7C90}.Debug|iPhone.Deploy.0 = Debug|Any CPU
		{63C38DDC-4CA8-4D7A-81B2-9440F4AC7C90}.Debug|iPhoneSimulator.ActiveCfg = Debug|Any CPU
		{63C38DDC-4CA8-4D7A-81B2-9440F4AC7C90}.Debug|iPhoneSimulator.Build.0 = Debug|Any CPU
		{63C38DDC-4CA8-4D7A-81B2-9440F4AC7C90}.Debug|iPhoneSimulator.Deploy.0 = Debug|Any CPU
		{63C38DDC-4CA8-4D7A-81B2-9440F4AC7C90}.Debug|x64.ActiveCfg = Debug|Any CPU
		{63C38DDC-4CA8-4D7A-81B2-9440F4AC7C90}.Debug|x64.Build.0 = Debug|Any CPU
		{63C38DDC-4CA8-4D7A-81B2-9440F4AC7C90}.Debug|x64.Deploy.0 = Debug|Any CPU
		{63C38DDC-4CA8-4D7A-81B2-9440F4AC7C90}.Debug|x86.ActiveCfg = Debug|x86
		{63C38DDC-4CA8-4D7A-81B2-9440F4AC7C90}.Debug|x86.Build.0 = Debug|x86
		{63C38DDC-4CA8-4D7A-81B2-9440F4AC7C90}.Debug|x86.Deploy.0 = Debug|x86
		{63C38DDC-4CA8-4D7A-81B2-9440F4AC7C90}.Release|Any CPU.ActiveCfg = Release|Any CPU
		{63C38DDC-4CA8-4D7A-81B2-9440F4AC7C90}.Release|Any CPU.Build.0 = Release|Any CPU
		{63C38DDC-4CA8-4D7A-81B2-9440F4AC7C90}.Release|Any CPU.Deploy.0 = Release|Any CPU
		{63C38DDC-4CA8-4D7A-81B2-9440F4AC7C90}.Release|ARM.ActiveCfg = Release|ARM
		{63C38DDC-4CA8-4D7A-81B2-9440F4AC7C90}.Release|ARM.Build.0 = Release|ARM
		{63C38DDC-4CA8-4D7A-81B2-9440F4AC7C90}.Release|ARM.Deploy.0 = Release|ARM
		{63C38DDC-4CA8-4D7A-81B2-9440F4AC7C90}.Release|iPhone.ActiveCfg = Release|Any CPU
		{63C38DDC-4CA8-4D7A-81B2-9440F4AC7C90}.Release|iPhone.Build.0 = Release|Any CPU
		{63C38DDC-4CA8-4D7A-81B2-9440F4AC7C90}.Release|iPhone.Deploy.0 = Release|Any CPU
		{63C38DDC-4CA8-4D7A-81B2-9440F4AC7C90}.Release|iPhoneSimulator.ActiveCfg = Release|Any CPU
		{63C38DDC-4CA8-4D7A-81B2-9440F4AC7C90}.Release|iPhoneSimulator.Build.0 = Release|Any CPU
		{63C38DDC-4CA8-4D7A-81B2-9440F4AC7C90}.Release|iPhoneSimulator.Deploy.0 = Release|Any CPU
		{63C38DDC-4CA8-4D7A-81B2-9440F4AC7C90}.Release|x64.ActiveCfg = Release|Any CPU
		{63C38DDC-4CA8-4D7A-81B2-9440F4AC7C90}.Release|x64.Build.0 = Release|Any CPU
		{63C38DDC-4CA8-4D7A-81B2-9440F4AC7C90}.Release|x64.Deploy.0 = Release|Any CPU
		{63C38DDC-4CA8-4D7A-81B2-9440F4AC7C90}.Release|x86.ActiveCfg = Release|x86
		{63C38DDC-4CA8-4D7A-81B2-9440F4AC7C90}.Release|x86.Build.0 = Release|x86
		{63C38DDC-4CA8-4D7A-81B2-9440F4AC7C90}.Release|x86.Deploy.0 = Release|x86
		{AC635037-9469-4D52-B899-F904EB19256D}.Ad-Hoc|Any CPU.ActiveCfg = Release|Any CPU
		{AC635037-9469-4D52-B899-F904EB19256D}.Ad-Hoc|Any CPU.Build.0 = Release|Any CPU
		{AC635037-9469-4D52-B899-F904EB19256D}.Ad-Hoc|Any CPU.Deploy.0 = Release|Any CPU
		{AC635037-9469-4D52-B899-F904EB19256D}.Ad-Hoc|ARM.ActiveCfg = Release|ARM
		{AC635037-9469-4D52-B899-F904EB19256D}.Ad-Hoc|ARM.Build.0 = Release|ARM
		{AC635037-9469-4D52-B899-F904EB19256D}.Ad-Hoc|ARM.Deploy.0 = Release|ARM
		{AC635037-9469-4D52-B899-F904EB19256D}.Ad-Hoc|iPhone.ActiveCfg = Release|Any CPU
		{AC635037-9469-4D52-B899-F904EB19256D}.Ad-Hoc|iPhone.Build.0 = Release|Any CPU
		{AC635037-9469-4D52-B899-F904EB19256D}.Ad-Hoc|iPhone.Deploy.0 = Release|Any CPU
		{AC635037-9469-4D52-B899-F904EB19256D}.Ad-Hoc|iPhoneSimulator.ActiveCfg = Release|Any CPU
		{AC635037-9469-4D52-B899-F904EB19256D}.Ad-Hoc|iPhoneSimulator.Build.0 = Release|Any CPU
		{AC635037-9469-4D52-B899-F904EB19256D}.Ad-Hoc|iPhoneSimulator.Deploy.0 = Release|Any CPU
		{AC635037-9469-4D52-B899-F904EB19256D}.Ad-Hoc|x64.ActiveCfg = Release|x64
		{AC635037-9469-4D52-B899-F904EB19256D}.Ad-Hoc|x64.Build.0 = Release|x64
		{AC635037-9469-4D52-B899-F904EB19256D}.Ad-Hoc|x64.Deploy.0 = Release|x64
		{AC635037-9469-4D52-B899-F904EB19256D}.Ad-Hoc|x86.ActiveCfg = Release|x86
		{AC635037-9469-4D52-B899-F904EB19256D}.Ad-Hoc|x86.Build.0 = Release|x86
		{AC635037-9469-4D52-B899-F904EB19256D}.Ad-Hoc|x86.Deploy.0 = Release|x86
		{AC635037-9469-4D52-B899-F904EB19256D}.AppStore|Any CPU.ActiveCfg = Release|Any CPU
		{AC635037-9469-4D52-B899-F904EB19256D}.AppStore|Any CPU.Build.0 = Release|Any CPU
		{AC635037-9469-4D52-B899-F904EB19256D}.AppStore|Any CPU.Deploy.0 = Release|Any CPU
		{AC635037-9469-4D52-B899-F904EB19256D}.AppStore|ARM.ActiveCfg = Release|ARM
		{AC635037-9469-4D52-B899-F904EB19256D}.AppStore|ARM.Build.0 = Release|ARM
		{AC635037-9469-4D52-B899-F904EB19256D}.AppStore|ARM.Deploy.0 = Release|ARM
		{AC635037-9469-4D52-B899-F904EB19256D}.AppStore|iPhone.ActiveCfg = Release|Any CPU
		{AC635037-9469-4D52-B899-F904EB19256D}.AppStore|iPhone.Build.0 = Release|Any CPU
		{AC635037-9469-4D52-B899-F904EB19256D}.AppStore|iPhone.Deploy.0 = Release|Any CPU
		{AC635037-9469-4D52-B899-F904EB19256D}.AppStore|iPhoneSimulator.ActiveCfg = Release|Any CPU
		{AC635037-9469-4D52-B899-F904EB19256D}.AppStore|iPhoneSimulator.Build.0 = Release|Any CPU
		{AC635037-9469-4D52-B899-F904EB19256D}.AppStore|iPhoneSimulator.Deploy.0 = Release|Any CPU
		{AC635037-9469-4D52-B899-F904EB19256D}.AppStore|x64.ActiveCfg = Release|x64
		{AC635037-9469-4D52-B899-F904EB19256D}.AppStore|x64.Build.0 = Release|x64
		{AC635037-9469-4D52-B899-F904EB19256D}.AppStore|x64.Deploy.0 = Release|x64
		{AC635037-9469-4D52-B899-F904EB19256D}.AppStore|x86.ActiveCfg = Release|x86
		{AC635037-9469-4D52-B899-F904EB19256D}.AppStore|x86.Build.0 = Release|x86
		{AC635037-9469-4D52-B899-F904EB19256D}.AppStore|x86.Deploy.0 = Release|x86
		{AC635037-9469-4D52-B899-F904EB19256D}.Debug|Any CPU.ActiveCfg = Debug|Any CPU
		{AC635037-9469-4D52-B899-F904EB19256D}.Debug|Any CPU.Build.0 = Debug|Any CPU
		{AC635037-9469-4D52-B899-F904EB19256D}.Debug|Any CPU.Deploy.0 = Debug|Any CPU
		{AC635037-9469-4D52-B899-F904EB19256D}.Debug|ARM.ActiveCfg = Debug|ARM
		{AC635037-9469-4D52-B899-F904EB19256D}.Debug|ARM.Build.0 = Debug|ARM
		{AC635037-9469-4D52-B899-F904EB19256D}.Debug|ARM.Deploy.0 = Debug|ARM
		{AC635037-9469-4D52-B899-F904EB19256D}.Debug|iPhone.ActiveCfg = Debug|Any CPU
		{AC635037-9469-4D52-B899-F904EB19256D}.Debug|iPhone.Build.0 = Debug|Any CPU
		{AC635037-9469-4D52-B899-F904EB19256D}.Debug|iPhone.Deploy.0 = Debug|Any CPU
		{AC635037-9469-4D52-B899-F904EB19256D}.Debug|iPhoneSimulator.ActiveCfg = Debug|Any CPU
		{AC635037-9469-4D52-B899-F904EB19256D}.Debug|iPhoneSimulator.Build.0 = Debug|Any CPU
		{AC635037-9469-4D52-B899-F904EB19256D}.Debug|iPhoneSimulator.Deploy.0 = Debug|Any CPU
		{AC635037-9469-4D52-B899-F904EB19256D}.Debug|x64.ActiveCfg = Debug|x64
		{AC635037-9469-4D52-B899-F904EB19256D}.Debug|x64.Build.0 = Debug|x64
		{AC635037-9469-4D52-B899-F904EB19256D}.Debug|x64.Deploy.0 = Debug|x64
		{AC635037-9469-4D52-B899-F904EB19256D}.Debug|x86.ActiveCfg = Debug|x86
		{AC635037-9469-4D52-B899-F904EB19256D}.Debug|x86.Build.0 = Debug|x86
		{AC635037-9469-4D52-B899-F904EB19256D}.Debug|x86.Deploy.0 = Debug|x86
		{AC635037-9469-4D52-B899-F904EB19256D}.Release|Any CPU.ActiveCfg = Release|Any CPU
		{AC635037-9469-4D52-B899-F904EB19256D}.Release|Any CPU.Build.0 = Release|Any CPU
		{AC635037-9469-4D52-B899-F904EB19256D}.Release|Any CPU.Deploy.0 = Release|Any CPU
		{AC635037-9469-4D52-B899-F904EB19256D}.Release|ARM.ActiveCfg = Release|ARM
		{AC635037-9469-4D52-B899-F904EB19256D}.Release|ARM.Build.0 = Release|ARM
		{AC635037-9469-4D52-B899-F904EB19256D}.Release|ARM.Deploy.0 = Release|ARM
		{AC635037-9469-4D52-B899-F904EB19256D}.Release|iPhone.ActiveCfg = Release|Any CPU
		{AC635037-9469-4D52-B899-F904EB19256D}.Release|iPhone.Build.0 = Release|Any CPU
		{AC635037-9469-4D52-B899-F904EB19256D}.Release|iPhone.Deploy.0 = Release|Any CPU
		{AC635037-9469-4D52-B899-F904EB19256D}.Release|iPhoneSimulator.ActiveCfg = Release|Any CPU
		{AC635037-9469-4D52-B899-F904EB19256D}.Release|iPhoneSimulator.Build.0 = Release|Any CPU
		{AC635037-9469-4D52-B899-F904EB19256D}.Release|iPhoneSimulator.Deploy.0 = Release|Any CPU
		{AC635037-9469-4D52-B899-F904EB19256D}.Release|x64.ActiveCfg = Release|x64
		{AC635037-9469-4D52-B899-F904EB19256D}.Release|x64.Build.0 = Release|x64
		{AC635037-9469-4D52-B899-F904EB19256D}.Release|x64.Deploy.0 = Release|x64
		{AC635037-9469-4D52-B899-F904EB19256D}.Release|x86.ActiveCfg = Release|x86
		{AC635037-9469-4D52-B899-F904EB19256D}.Release|x86.Build.0 = Release|x86
		{AC635037-9469-4D52-B899-F904EB19256D}.Release|x86.Deploy.0 = Release|x86
		{CFE7DF54-7433-4A77-B8C4-69503BD4C744}.Ad-Hoc|Any CPU.ActiveCfg = Release|Any CPU
		{CFE7DF54-7433-4A77-B8C4-69503BD4C744}.Ad-Hoc|Any CPU.Build.0 = Release|Any CPU
		{CFE7DF54-7433-4A77-B8C4-69503BD4C744}.Ad-Hoc|ARM.ActiveCfg = Release|Any CPU
		{CFE7DF54-7433-4A77-B8C4-69503BD4C744}.Ad-Hoc|ARM.Build.0 = Release|Any CPU
		{CFE7DF54-7433-4A77-B8C4-69503BD4C744}.Ad-Hoc|iPhone.ActiveCfg = Release|Any CPU
		{CFE7DF54-7433-4A77-B8C4-69503BD4C744}.Ad-Hoc|iPhone.Build.0 = Release|Any CPU
		{CFE7DF54-7433-4A77-B8C4-69503BD4C744}.Ad-Hoc|iPhoneSimulator.ActiveCfg = Release|Any CPU
		{CFE7DF54-7433-4A77-B8C4-69503BD4C744}.Ad-Hoc|iPhoneSimulator.Build.0 = Release|Any CPU
		{CFE7DF54-7433-4A77-B8C4-69503BD4C744}.Ad-Hoc|x64.ActiveCfg = Release|Any CPU
		{CFE7DF54-7433-4A77-B8C4-69503BD4C744}.Ad-Hoc|x64.Build.0 = Release|Any CPU
		{CFE7DF54-7433-4A77-B8C4-69503BD4C744}.Ad-Hoc|x86.ActiveCfg = Release|Any CPU
		{CFE7DF54-7433-4A77-B8C4-69503BD4C744}.Ad-Hoc|x86.Build.0 = Release|Any CPU
		{CFE7DF54-7433-4A77-B8C4-69503BD4C744}.AppStore|Any CPU.ActiveCfg = Release|Any CPU
		{CFE7DF54-7433-4A77-B8C4-69503BD4C744}.AppStore|Any CPU.Build.0 = Release|Any CPU
		{CFE7DF54-7433-4A77-B8C4-69503BD4C744}.AppStore|ARM.ActiveCfg = Release|Any CPU
		{CFE7DF54-7433-4A77-B8C4-69503BD4C744}.AppStore|ARM.Build.0 = Release|Any CPU
		{CFE7DF54-7433-4A77-B8C4-69503BD4C744}.AppStore|iPhone.ActiveCfg = Release|Any CPU
		{CFE7DF54-7433-4A77-B8C4-69503BD4C744}.AppStore|iPhone.Build.0 = Release|Any CPU
		{CFE7DF54-7433-4A77-B8C4-69503BD4C744}.AppStore|iPhoneSimulator.ActiveCfg = Release|Any CPU
		{CFE7DF54-7433-4A77-B8C4-69503BD4C744}.AppStore|iPhoneSimulator.Build.0 = Release|Any CPU
		{CFE7DF54-7433-4A77-B8C4-69503BD4C744}.AppStore|x64.ActiveCfg = Release|Any CPU
		{CFE7DF54-7433-4A77-B8C4-69503BD4C744}.AppStore|x64.Build.0 = Release|Any CPU
		{CFE7DF54-7433-4A77-B8C4-69503BD4C744}.AppStore|x86.ActiveCfg = Release|Any CPU
		{CFE7DF54-7433-4A77-B8C4-69503BD4C744}.AppStore|x86.Build.0 = Release|Any CPU
		{CFE7DF54-7433-4A77-B8C4-69503BD4C744}.Debug|Any CPU.ActiveCfg = Debug|Any CPU
		{CFE7DF54-7433-4A77-B8C4-69503BD4C744}.Debug|Any CPU.Build.0 = Debug|Any CPU
		{CFE7DF54-7433-4A77-B8C4-69503BD4C744}.Debug|ARM.ActiveCfg = Debug|Any CPU
		{CFE7DF54-7433-4A77-B8C4-69503BD4C744}.Debug|ARM.Build.0 = Debug|Any CPU
		{CFE7DF54-7433-4A77-B8C4-69503BD4C744}.Debug|iPhone.ActiveCfg = Debug|Any CPU
		{CFE7DF54-7433-4A77-B8C4-69503BD4C744}.Debug|iPhone.Build.0 = Debug|Any CPU
		{CFE7DF54-7433-4A77-B8C4-69503BD4C744}.Debug|iPhoneSimulator.ActiveCfg = Debug|Any CPU
		{CFE7DF54-7433-4A77-B8C4-69503BD4C744}.Debug|iPhoneSimulator.Build.0 = Debug|Any CPU
		{CFE7DF54-7433-4A77-B8C4-69503BD4C744}.Debug|x64.ActiveCfg = Debug|Any CPU
		{CFE7DF54-7433-4A77-B8C4-69503BD4C744}.Debug|x64.Build.0 = Debug|Any CPU
		{CFE7DF54-7433-4A77-B8C4-69503BD4C744}.Debug|x86.ActiveCfg = Debug|Any CPU
		{CFE7DF54-7433-4A77-B8C4-69503BD4C744}.Debug|x86.Build.0 = Debug|Any CPU
		{CFE7DF54-7433-4A77-B8C4-69503BD4C744}.Release|Any CPU.ActiveCfg = Release|Any CPU
		{CFE7DF54-7433-4A77-B8C4-69503BD4C744}.Release|Any CPU.Build.0 = Release|Any CPU
		{CFE7DF54-7433-4A77-B8C4-69503BD4C744}.Release|ARM.ActiveCfg = Release|Any CPU
		{CFE7DF54-7433-4A77-B8C4-69503BD4C744}.Release|ARM.Build.0 = Release|Any CPU
		{CFE7DF54-7433-4A77-B8C4-69503BD4C744}.Release|iPhone.ActiveCfg = Release|Any CPU
		{CFE7DF54-7433-4A77-B8C4-69503BD4C744}.Release|iPhone.Build.0 = Release|Any CPU
		{CFE7DF54-7433-4A77-B8C4-69503BD4C744}.Release|iPhoneSimulator.ActiveCfg = Release|Any CPU
		{CFE7DF54-7433-4A77-B8C4-69503BD4C744}.Release|iPhoneSimulator.Build.0 = Release|Any CPU
		{CFE7DF54-7433-4A77-B8C4-69503BD4C744}.Release|x64.ActiveCfg = Release|Any CPU
		{CFE7DF54-7433-4A77-B8C4-69503BD4C744}.Release|x64.Build.0 = Release|Any CPU
		{CFE7DF54-7433-4A77-B8C4-69503BD4C744}.Release|x86.ActiveCfg = Release|Any CPU
		{CFE7DF54-7433-4A77-B8C4-69503BD4C744}.Release|x86.Build.0 = Release|Any CPU
		{1B13F01E-361B-4CBF-80C1-759FB3E29EA9}.Ad-Hoc|Any CPU.ActiveCfg = Release|Any CPU
		{1B13F01E-361B-4CBF-80C1-759FB3E29EA9}.Ad-Hoc|Any CPU.Build.0 = Release|Any CPU
		{1B13F01E-361B-4CBF-80C1-759FB3E29EA9}.Ad-Hoc|ARM.ActiveCfg = Release|Any CPU
		{1B13F01E-361B-4CBF-80C1-759FB3E29EA9}.Ad-Hoc|ARM.Build.0 = Release|Any CPU
		{1B13F01E-361B-4CBF-80C1-759FB3E29EA9}.Ad-Hoc|iPhone.ActiveCfg = Release|Any CPU
		{1B13F01E-361B-4CBF-80C1-759FB3E29EA9}.Ad-Hoc|iPhone.Build.0 = Release|Any CPU
		{1B13F01E-361B-4CBF-80C1-759FB3E29EA9}.Ad-Hoc|iPhoneSimulator.ActiveCfg = Release|Any CPU
		{1B13F01E-361B-4CBF-80C1-759FB3E29EA9}.Ad-Hoc|iPhoneSimulator.Build.0 = Release|Any CPU
		{1B13F01E-361B-4CBF-80C1-759FB3E29EA9}.Ad-Hoc|x64.ActiveCfg = Release|Any CPU
		{1B13F01E-361B-4CBF-80C1-759FB3E29EA9}.Ad-Hoc|x64.Build.0 = Release|Any CPU
		{1B13F01E-361B-4CBF-80C1-759FB3E29EA9}.Ad-Hoc|x86.ActiveCfg = Release|Any CPU
		{1B13F01E-361B-4CBF-80C1-759FB3E29EA9}.Ad-Hoc|x86.Build.0 = Release|Any CPU
		{1B13F01E-361B-4CBF-80C1-759FB3E29EA9}.AppStore|Any CPU.ActiveCfg = Release|Any CPU
		{1B13F01E-361B-4CBF-80C1-759FB3E29EA9}.AppStore|Any CPU.Build.0 = Release|Any CPU
		{1B13F01E-361B-4CBF-80C1-759FB3E29EA9}.AppStore|ARM.ActiveCfg = Release|Any CPU
		{1B13F01E-361B-4CBF-80C1-759FB3E29EA9}.AppStore|ARM.Build.0 = Release|Any CPU
		{1B13F01E-361B-4CBF-80C1-759FB3E29EA9}.AppStore|iPhone.ActiveCfg = Release|Any CPU
		{1B13F01E-361B-4CBF-80C1-759FB3E29EA9}.AppStore|iPhone.Build.0 = Release|Any CPU
		{1B13F01E-361B-4CBF-80C1-759FB3E29EA9}.AppStore|iPhoneSimulator.ActiveCfg = Release|Any CPU
		{1B13F01E-361B-4CBF-80C1-759FB3E29EA9}.AppStore|iPhoneSimulator.Build.0 = Release|Any CPU
		{1B13F01E-361B-4CBF-80C1-759FB3E29EA9}.AppStore|x64.ActiveCfg = Release|Any CPU
		{1B13F01E-361B-4CBF-80C1-759FB3E29EA9}.AppStore|x64.Build.0 = Release|Any CPU
		{1B13F01E-361B-4CBF-80C1-759FB3E29EA9}.AppStore|x86.ActiveCfg = Release|Any CPU
		{1B13F01E-361B-4CBF-80C1-759FB3E29EA9}.AppStore|x86.Build.0 = Release|Any CPU
		{1B13F01E-361B-4CBF-80C1-759FB3E29EA9}.Debug|Any CPU.ActiveCfg = Debug|Any CPU
		{1B13F01E-361B-4CBF-80C1-759FB3E29EA9}.Debug|Any CPU.Build.0 = Debug|Any CPU
		{1B13F01E-361B-4CBF-80C1-759FB3E29EA9}.Debug|ARM.ActiveCfg = Debug|Any CPU
		{1B13F01E-361B-4CBF-80C1-759FB3E29EA9}.Debug|ARM.Build.0 = Debug|Any CPU
		{1B13F01E-361B-4CBF-80C1-759FB3E29EA9}.Debug|iPhone.ActiveCfg = Debug|Any CPU
		{1B13F01E-361B-4CBF-80C1-759FB3E29EA9}.Debug|iPhone.Build.0 = Debug|Any CPU
		{1B13F01E-361B-4CBF-80C1-759FB3E29EA9}.Debug|iPhoneSimulator.ActiveCfg = Debug|Any CPU
		{1B13F01E-361B-4CBF-80C1-759FB3E29EA9}.Debug|iPhoneSimulator.Build.0 = Debug|Any CPU
		{1B13F01E-361B-4CBF-80C1-759FB3E29EA9}.Debug|x64.ActiveCfg = Debug|Any CPU
		{1B13F01E-361B-4CBF-80C1-759FB3E29EA9}.Debug|x64.Build.0 = Debug|Any CPU
		{1B13F01E-361B-4CBF-80C1-759FB3E29EA9}.Debug|x86.ActiveCfg = Debug|Any CPU
		{1B13F01E-361B-4CBF-80C1-759FB3E29EA9}.Debug|x86.Build.0 = Debug|Any CPU
		{1B13F01E-361B-4CBF-80C1-759FB3E29EA9}.Release|Any CPU.ActiveCfg = Release|Any CPU
		{1B13F01E-361B-4CBF-80C1-759FB3E29EA9}.Release|Any CPU.Build.0 = Release|Any CPU
		{1B13F01E-361B-4CBF-80C1-759FB3E29EA9}.Release|ARM.ActiveCfg = Release|Any CPU
		{1B13F01E-361B-4CBF-80C1-759FB3E29EA9}.Release|ARM.Build.0 = Release|Any CPU
		{1B13F01E-361B-4CBF-80C1-759FB3E29EA9}.Release|iPhone.ActiveCfg = Release|Any CPU
		{1B13F01E-361B-4CBF-80C1-759FB3E29EA9}.Release|iPhone.Build.0 = Release|Any CPU
		{1B13F01E-361B-4CBF-80C1-759FB3E29EA9}.Release|iPhoneSimulator.ActiveCfg = Release|Any CPU
		{1B13F01E-361B-4CBF-80C1-759FB3E29EA9}.Release|iPhoneSimulator.Build.0 = Release|Any CPU
		{1B13F01E-361B-4CBF-80C1-759FB3E29EA9}.Release|x64.ActiveCfg = Release|Any CPU
		{1B13F01E-361B-4CBF-80C1-759FB3E29EA9}.Release|x64.Build.0 = Release|Any CPU
		{1B13F01E-361B-4CBF-80C1-759FB3E29EA9}.Release|x86.ActiveCfg = Release|Any CPU
		{1B13F01E-361B-4CBF-80C1-759FB3E29EA9}.Release|x86.Build.0 = Release|Any CPU
		{73005F90-5463-47E2-9301-A4A71D628981}.Ad-Hoc|Any CPU.ActiveCfg = Release|Any CPU
		{73005F90-5463-47E2-9301-A4A71D628981}.Ad-Hoc|Any CPU.Build.0 = Release|Any CPU
		{73005F90-5463-47E2-9301-A4A71D628981}.Ad-Hoc|ARM.ActiveCfg = Release|Any CPU
		{73005F90-5463-47E2-9301-A4A71D628981}.Ad-Hoc|ARM.Build.0 = Release|Any CPU
		{73005F90-5463-47E2-9301-A4A71D628981}.Ad-Hoc|iPhone.ActiveCfg = Release|Any CPU
		{73005F90-5463-47E2-9301-A4A71D628981}.Ad-Hoc|iPhone.Build.0 = Release|Any CPU
		{73005F90-5463-47E2-9301-A4A71D628981}.Ad-Hoc|iPhoneSimulator.ActiveCfg = Release|Any CPU
		{73005F90-5463-47E2-9301-A4A71D628981}.Ad-Hoc|iPhoneSimulator.Build.0 = Release|Any CPU
		{73005F90-5463-47E2-9301-A4A71D628981}.Ad-Hoc|x64.ActiveCfg = Release|Any CPU
		{73005F90-5463-47E2-9301-A4A71D628981}.Ad-Hoc|x64.Build.0 = Release|Any CPU
		{73005F90-5463-47E2-9301-A4A71D628981}.Ad-Hoc|x86.ActiveCfg = Release|Any CPU
		{73005F90-5463-47E2-9301-A4A71D628981}.Ad-Hoc|x86.Build.0 = Release|Any CPU
		{73005F90-5463-47E2-9301-A4A71D628981}.AppStore|Any CPU.ActiveCfg = Release|Any CPU
		{73005F90-5463-47E2-9301-A4A71D628981}.AppStore|Any CPU.Build.0 = Release|Any CPU
		{73005F90-5463-47E2-9301-A4A71D628981}.AppStore|ARM.ActiveCfg = Release|Any CPU
		{73005F90-5463-47E2-9301-A4A71D628981}.AppStore|ARM.Build.0 = Release|Any CPU
		{73005F90-5463-47E2-9301-A4A71D628981}.AppStore|iPhone.ActiveCfg = Release|Any CPU
		{73005F90-5463-47E2-9301-A4A71D628981}.AppStore|iPhone.Build.0 = Release|Any CPU
		{73005F90-5463-47E2-9301-A4A71D628981}.AppStore|iPhoneSimulator.ActiveCfg = Release|Any CPU
		{73005F90-5463-47E2-9301-A4A71D628981}.AppStore|iPhoneSimulator.Build.0 = Release|Any CPU
		{73005F90-5463-47E2-9301-A4A71D628981}.AppStore|x64.ActiveCfg = Release|Any CPU
		{73005F90-5463-47E2-9301-A4A71D628981}.AppStore|x64.Build.0 = Release|Any CPU
		{73005F90-5463-47E2-9301-A4A71D628981}.AppStore|x86.ActiveCfg = Release|Any CPU
		{73005F90-5463-47E2-9301-A4A71D628981}.AppStore|x86.Build.0 = Release|Any CPU
		{73005F90-5463-47E2-9301-A4A71D628981}.Debug|Any CPU.ActiveCfg = Debug|Any CPU
		{73005F90-5463-47E2-9301-A4A71D628981}.Debug|Any CPU.Build.0 = Debug|Any CPU
		{73005F90-5463-47E2-9301-A4A71D628981}.Debug|ARM.ActiveCfg = Debug|Any CPU
		{73005F90-5463-47E2-9301-A4A71D628981}.Debug|ARM.Build.0 = Debug|Any CPU
		{73005F90-5463-47E2-9301-A4A71D628981}.Debug|iPhone.ActiveCfg = Debug|Any CPU
		{73005F90-5463-47E2-9301-A4A71D628981}.Debug|iPhone.Build.0 = Debug|Any CPU
		{73005F90-5463-47E2-9301-A4A71D628981}.Debug|iPhoneSimulator.ActiveCfg = Debug|Any CPU
		{73005F90-5463-47E2-9301-A4A71D628981}.Debug|iPhoneSimulator.Build.0 = Debug|Any CPU
		{73005F90-5463-47E2-9301-A4A71D628981}.Debug|x64.ActiveCfg = Debug|Any CPU
		{73005F90-5463-47E2-9301-A4A71D628981}.Debug|x64.Build.0 = Debug|Any CPU
		{73005F90-5463-47E2-9301-A4A71D628981}.Debug|x86.ActiveCfg = Debug|Any CPU
		{73005F90-5463-47E2-9301-A4A71D628981}.Debug|x86.Build.0 = Debug|Any CPU
		{73005F90-5463-47E2-9301-A4A71D628981}.Release|Any CPU.ActiveCfg = Release|Any CPU
		{73005F90-5463-47E2-9301-A4A71D628981}.Release|Any CPU.Build.0 = Release|Any CPU
		{73005F90-5463-47E2-9301-A4A71D628981}.Release|ARM.ActiveCfg = Release|Any CPU
		{73005F90-5463-47E2-9301-A4A71D628981}.Release|ARM.Build.0 = Release|Any CPU
		{73005F90-5463-47E2-9301-A4A71D628981}.Release|iPhone.ActiveCfg = Release|Any CPU
		{73005F90-5463-47E2-9301-A4A71D628981}.Release|iPhone.Build.0 = Release|Any CPU
		{73005F90-5463-47E2-9301-A4A71D628981}.Release|iPhoneSimulator.ActiveCfg = Release|Any CPU
		{73005F90-5463-47E2-9301-A4A71D628981}.Release|iPhoneSimulator.Build.0 = Release|Any CPU
		{73005F90-5463-47E2-9301-A4A71D628981}.Release|x64.ActiveCfg = Release|Any CPU
		{73005F90-5463-47E2-9301-A4A71D628981}.Release|x64.Build.0 = Release|Any CPU
		{73005F90-5463-47E2-9301-A4A71D628981}.Release|x86.ActiveCfg = Release|Any CPU
		{73005F90-5463-47E2-9301-A4A71D628981}.Release|x86.Build.0 = Release|Any CPU
		{2E5785F2-CD59-4D37-A0FB-0C0184CA0424}.Ad-Hoc|Any CPU.ActiveCfg = Release|Any CPU
		{2E5785F2-CD59-4D37-A0FB-0C0184CA0424}.Ad-Hoc|Any CPU.Build.0 = Release|Any CPU
		{2E5785F2-CD59-4D37-A0FB-0C0184CA0424}.Ad-Hoc|ARM.ActiveCfg = Release|Any CPU
		{2E5785F2-CD59-4D37-A0FB-0C0184CA0424}.Ad-Hoc|ARM.Build.0 = Release|Any CPU
		{2E5785F2-CD59-4D37-A0FB-0C0184CA0424}.Ad-Hoc|iPhone.ActiveCfg = Release|Any CPU
		{2E5785F2-CD59-4D37-A0FB-0C0184CA0424}.Ad-Hoc|iPhone.Build.0 = Release|Any CPU
		{2E5785F2-CD59-4D37-A0FB-0C0184CA0424}.Ad-Hoc|iPhoneSimulator.ActiveCfg = Release|Any CPU
		{2E5785F2-CD59-4D37-A0FB-0C0184CA0424}.Ad-Hoc|iPhoneSimulator.Build.0 = Release|Any CPU
		{2E5785F2-CD59-4D37-A0FB-0C0184CA0424}.Ad-Hoc|x64.ActiveCfg = Release|Any CPU
		{2E5785F2-CD59-4D37-A0FB-0C0184CA0424}.Ad-Hoc|x64.Build.0 = Release|Any CPU
		{2E5785F2-CD59-4D37-A0FB-0C0184CA0424}.Ad-Hoc|x86.ActiveCfg = Release|Any CPU
		{2E5785F2-CD59-4D37-A0FB-0C0184CA0424}.Ad-Hoc|x86.Build.0 = Release|Any CPU
		{2E5785F2-CD59-4D37-A0FB-0C0184CA0424}.AppStore|Any CPU.ActiveCfg = Release|Any CPU
		{2E5785F2-CD59-4D37-A0FB-0C0184CA0424}.AppStore|Any CPU.Build.0 = Release|Any CPU
		{2E5785F2-CD59-4D37-A0FB-0C0184CA0424}.AppStore|ARM.ActiveCfg = Release|Any CPU
		{2E5785F2-CD59-4D37-A0FB-0C0184CA0424}.AppStore|ARM.Build.0 = Release|Any CPU
		{2E5785F2-CD59-4D37-A0FB-0C0184CA0424}.AppStore|iPhone.ActiveCfg = Release|Any CPU
		{2E5785F2-CD59-4D37-A0FB-0C0184CA0424}.AppStore|iPhone.Build.0 = Release|Any CPU
		{2E5785F2-CD59-4D37-A0FB-0C0184CA0424}.AppStore|iPhoneSimulator.ActiveCfg = Release|Any CPU
		{2E5785F2-CD59-4D37-A0FB-0C0184CA0424}.AppStore|iPhoneSimulator.Build.0 = Release|Any CPU
		{2E5785F2-CD59-4D37-A0FB-0C0184CA0424}.AppStore|x64.ActiveCfg = Release|Any CPU
		{2E5785F2-CD59-4D37-A0FB-0C0184CA0424}.AppStore|x64.Build.0 = Release|Any CPU
		{2E5785F2-CD59-4D37-A0FB-0C0184CA0424}.AppStore|x86.ActiveCfg = Release|Any CPU
		{2E5785F2-CD59-4D37-A0FB-0C0184CA0424}.AppStore|x86.Build.0 = Release|Any CPU
		{2E5785F2-CD59-4D37-A0FB-0C0184CA0424}.Debug|Any CPU.ActiveCfg = Debug|Any CPU
		{2E5785F2-CD59-4D37-A0FB-0C0184CA0424}.Debug|Any CPU.Build.0 = Debug|Any CPU
		{2E5785F2-CD59-4D37-A0FB-0C0184CA0424}.Debug|ARM.ActiveCfg = Debug|Any CPU
		{2E5785F2-CD59-4D37-A0FB-0C0184CA0424}.Debug|ARM.Build.0 = Debug|Any CPU
		{2E5785F2-CD59-4D37-A0FB-0C0184CA0424}.Debug|iPhone.ActiveCfg = Debug|Any CPU
		{2E5785F2-CD59-4D37-A0FB-0C0184CA0424}.Debug|iPhone.Build.0 = Debug|Any CPU
		{2E5785F2-CD59-4D37-A0FB-0C0184CA0424}.Debug|iPhoneSimulator.ActiveCfg = Debug|Any CPU
		{2E5785F2-CD59-4D37-A0FB-0C0184CA0424}.Debug|iPhoneSimulator.Build.0 = Debug|Any CPU
		{2E5785F2-CD59-4D37-A0FB-0C0184CA0424}.Debug|x64.ActiveCfg = Debug|Any CPU
		{2E5785F2-CD59-4D37-A0FB-0C0184CA0424}.Debug|x64.Build.0 = Debug|Any CPU
		{2E5785F2-CD59-4D37-A0FB-0C0184CA0424}.Debug|x86.ActiveCfg = Debug|Any CPU
		{2E5785F2-CD59-4D37-A0FB-0C0184CA0424}.Debug|x86.Build.0 = Debug|Any CPU
		{2E5785F2-CD59-4D37-A0FB-0C0184CA0424}.Release|Any CPU.ActiveCfg = Release|Any CPU
		{2E5785F2-CD59-4D37-A0FB-0C0184CA0424}.Release|Any CPU.Build.0 = Release|Any CPU
		{2E5785F2-CD59-4D37-A0FB-0C0184CA0424}.Release|ARM.ActiveCfg = Release|Any CPU
		{2E5785F2-CD59-4D37-A0FB-0C0184CA0424}.Release|ARM.Build.0 = Release|Any CPU
		{2E5785F2-CD59-4D37-A0FB-0C0184CA0424}.Release|iPhone.ActiveCfg = Release|Any CPU
		{2E5785F2-CD59-4D37-A0FB-0C0184CA0424}.Release|iPhone.Build.0 = Release|Any CPU
		{2E5785F2-CD59-4D37-A0FB-0C0184CA0424}.Release|iPhoneSimulator.ActiveCfg = Release|Any CPU
		{2E5785F2-CD59-4D37-A0FB-0C0184CA0424}.Release|iPhoneSimulator.Build.0 = Release|Any CPU
		{2E5785F2-CD59-4D37-A0FB-0C0184CA0424}.Release|x64.ActiveCfg = Release|Any CPU
		{2E5785F2-CD59-4D37-A0FB-0C0184CA0424}.Release|x64.Build.0 = Release|Any CPU
		{2E5785F2-CD59-4D37-A0FB-0C0184CA0424}.Release|x86.ActiveCfg = Release|Any CPU
		{2E5785F2-CD59-4D37-A0FB-0C0184CA0424}.Release|x86.Build.0 = Release|Any CPU
		{1B92AFA5-2024-4870-96B9-E71A33AD2D52}.Ad-Hoc|Any CPU.ActiveCfg = Release|Any CPU
		{1B92AFA5-2024-4870-96B9-E71A33AD2D52}.Ad-Hoc|Any CPU.Build.0 = Release|Any CPU
		{1B92AFA5-2024-4870-96B9-E71A33AD2D52}.Ad-Hoc|ARM.ActiveCfg = Release|Any CPU
		{1B92AFA5-2024-4870-96B9-E71A33AD2D52}.Ad-Hoc|ARM.Build.0 = Release|Any CPU
		{1B92AFA5-2024-4870-96B9-E71A33AD2D52}.Ad-Hoc|iPhone.ActiveCfg = Release|Any CPU
		{1B92AFA5-2024-4870-96B9-E71A33AD2D52}.Ad-Hoc|iPhone.Build.0 = Release|Any CPU
		{1B92AFA5-2024-4870-96B9-E71A33AD2D52}.Ad-Hoc|iPhoneSimulator.ActiveCfg = Release|Any CPU
		{1B92AFA5-2024-4870-96B9-E71A33AD2D52}.Ad-Hoc|iPhoneSimulator.Build.0 = Release|Any CPU
		{1B92AFA5-2024-4870-96B9-E71A33AD2D52}.Ad-Hoc|x64.ActiveCfg = Release|Any CPU
		{1B92AFA5-2024-4870-96B9-E71A33AD2D52}.Ad-Hoc|x64.Build.0 = Release|Any CPU
		{1B92AFA5-2024-4870-96B9-E71A33AD2D52}.Ad-Hoc|x86.ActiveCfg = Release|Any CPU
		{1B92AFA5-2024-4870-96B9-E71A33AD2D52}.Ad-Hoc|x86.Build.0 = Release|Any CPU
		{1B92AFA5-2024-4870-96B9-E71A33AD2D52}.AppStore|Any CPU.ActiveCfg = Release|Any CPU
		{1B92AFA5-2024-4870-96B9-E71A33AD2D52}.AppStore|Any CPU.Build.0 = Release|Any CPU
		{1B92AFA5-2024-4870-96B9-E71A33AD2D52}.AppStore|ARM.ActiveCfg = Release|Any CPU
		{1B92AFA5-2024-4870-96B9-E71A33AD2D52}.AppStore|ARM.Build.0 = Release|Any CPU
		{1B92AFA5-2024-4870-96B9-E71A33AD2D52}.AppStore|iPhone.ActiveCfg = Release|Any CPU
		{1B92AFA5-2024-4870-96B9-E71A33AD2D52}.AppStore|iPhone.Build.0 = Release|Any CPU
		{1B92AFA5-2024-4870-96B9-E71A33AD2D52}.AppStore|iPhoneSimulator.ActiveCfg = Release|Any CPU
		{1B92AFA5-2024-4870-96B9-E71A33AD2D52}.AppStore|iPhoneSimulator.Build.0 = Release|Any CPU
		{1B92AFA5-2024-4870-96B9-E71A33AD2D52}.AppStore|x64.ActiveCfg = Release|Any CPU
		{1B92AFA5-2024-4870-96B9-E71A33AD2D52}.AppStore|x64.Build.0 = Release|Any CPU
		{1B92AFA5-2024-4870-96B9-E71A33AD2D52}.AppStore|x86.ActiveCfg = Release|Any CPU
		{1B92AFA5-2024-4870-96B9-E71A33AD2D52}.AppStore|x86.Build.0 = Release|Any CPU
		{1B92AFA5-2024-4870-96B9-E71A33AD2D52}.Debug|Any CPU.ActiveCfg = Debug|Any CPU
		{1B92AFA5-2024-4870-96B9-E71A33AD2D52}.Debug|Any CPU.Build.0 = Debug|Any CPU
		{1B92AFA5-2024-4870-96B9-E71A33AD2D52}.Debug|ARM.ActiveCfg = Debug|Any CPU
		{1B92AFA5-2024-4870-96B9-E71A33AD2D52}.Debug|ARM.Build.0 = Debug|Any CPU
		{1B92AFA5-2024-4870-96B9-E71A33AD2D52}.Debug|iPhone.ActiveCfg = Debug|Any CPU
		{1B92AFA5-2024-4870-96B9-E71A33AD2D52}.Debug|iPhone.Build.0 = Debug|Any CPU
		{1B92AFA5-2024-4870-96B9-E71A33AD2D52}.Debug|iPhoneSimulator.ActiveCfg = Debug|Any CPU
		{1B92AFA5-2024-4870-96B9-E71A33AD2D52}.Debug|iPhoneSimulator.Build.0 = Debug|Any CPU
		{1B92AFA5-2024-4870-96B9-E71A33AD2D52}.Debug|x64.ActiveCfg = Debug|Any CPU
		{1B92AFA5-2024-4870-96B9-E71A33AD2D52}.Debug|x64.Build.0 = Debug|Any CPU
		{1B92AFA5-2024-4870-96B9-E71A33AD2D52}.Debug|x86.ActiveCfg = Debug|Any CPU
		{1B92AFA5-2024-4870-96B9-E71A33AD2D52}.Debug|x86.Build.0 = Debug|Any CPU
		{1B92AFA5-2024-4870-96B9-E71A33AD2D52}.Release|Any CPU.ActiveCfg = Release|Any CPU
		{1B92AFA5-2024-4870-96B9-E71A33AD2D52}.Release|Any CPU.Build.0 = Release|Any CPU
		{1B92AFA5-2024-4870-96B9-E71A33AD2D52}.Release|ARM.ActiveCfg = Release|Any CPU
		{1B92AFA5-2024-4870-96B9-E71A33AD2D52}.Release|ARM.Build.0 = Release|Any CPU
		{1B92AFA5-2024-4870-96B9-E71A33AD2D52}.Release|iPhone.ActiveCfg = Release|Any CPU
		{1B92AFA5-2024-4870-96B9-E71A33AD2D52}.Release|iPhone.Build.0 = Release|Any CPU
		{1B92AFA5-2024-4870-96B9-E71A33AD2D52}.Release|iPhoneSimulator.ActiveCfg = Release|Any CPU
		{1B92AFA5-2024-4870-96B9-E71A33AD2D52}.Release|iPhoneSimulator.Build.0 = Release|Any CPU
		{1B92AFA5-2024-4870-96B9-E71A33AD2D52}.Release|x64.ActiveCfg = Release|Any CPU
		{1B92AFA5-2024-4870-96B9-E71A33AD2D52}.Release|x64.Build.0 = Release|Any CPU
		{1B92AFA5-2024-4870-96B9-E71A33AD2D52}.Release|x86.ActiveCfg = Release|Any CPU
		{1B92AFA5-2024-4870-96B9-E71A33AD2D52}.Release|x86.Build.0 = Release|Any CPU
		{BE539183-9A82-4990-8A4E-FD984492B470}.Ad-Hoc|Any CPU.ActiveCfg = Release|Any CPU
		{BE539183-9A82-4990-8A4E-FD984492B470}.Ad-Hoc|Any CPU.Build.0 = Release|Any CPU
		{BE539183-9A82-4990-8A4E-FD984492B470}.Ad-Hoc|ARM.ActiveCfg = Release|Any CPU
		{BE539183-9A82-4990-8A4E-FD984492B470}.Ad-Hoc|ARM.Build.0 = Release|Any CPU
		{BE539183-9A82-4990-8A4E-FD984492B470}.Ad-Hoc|iPhone.ActiveCfg = Release|Any CPU
		{BE539183-9A82-4990-8A4E-FD984492B470}.Ad-Hoc|iPhone.Build.0 = Release|Any CPU
		{BE539183-9A82-4990-8A4E-FD984492B470}.Ad-Hoc|iPhoneSimulator.ActiveCfg = Release|Any CPU
		{BE539183-9A82-4990-8A4E-FD984492B470}.Ad-Hoc|iPhoneSimulator.Build.0 = Release|Any CPU
		{BE539183-9A82-4990-8A4E-FD984492B470}.Ad-Hoc|x64.ActiveCfg = Release|Any CPU
		{BE539183-9A82-4990-8A4E-FD984492B470}.Ad-Hoc|x64.Build.0 = Release|Any CPU
		{BE539183-9A82-4990-8A4E-FD984492B470}.Ad-Hoc|x86.ActiveCfg = Release|Any CPU
		{BE539183-9A82-4990-8A4E-FD984492B470}.Ad-Hoc|x86.Build.0 = Release|Any CPU
		{BE539183-9A82-4990-8A4E-FD984492B470}.AppStore|Any CPU.ActiveCfg = Release|Any CPU
		{BE539183-9A82-4990-8A4E-FD984492B470}.AppStore|Any CPU.Build.0 = Release|Any CPU
		{BE539183-9A82-4990-8A4E-FD984492B470}.AppStore|ARM.ActiveCfg = Release|Any CPU
		{BE539183-9A82-4990-8A4E-FD984492B470}.AppStore|ARM.Build.0 = Release|Any CPU
		{BE539183-9A82-4990-8A4E-FD984492B470}.AppStore|iPhone.ActiveCfg = Release|Any CPU
		{BE539183-9A82-4990-8A4E-FD984492B470}.AppStore|iPhone.Build.0 = Release|Any CPU
		{BE539183-9A82-4990-8A4E-FD984492B470}.AppStore|iPhoneSimulator.ActiveCfg = Release|Any CPU
		{BE539183-9A82-4990-8A4E-FD984492B470}.AppStore|iPhoneSimulator.Build.0 = Release|Any CPU
		{BE539183-9A82-4990-8A4E-FD984492B470}.AppStore|x64.ActiveCfg = Release|Any CPU
		{BE539183-9A82-4990-8A4E-FD984492B470}.AppStore|x64.Build.0 = Release|Any CPU
		{BE539183-9A82-4990-8A4E-FD984492B470}.AppStore|x86.ActiveCfg = Release|Any CPU
		{BE539183-9A82-4990-8A4E-FD984492B470}.AppStore|x86.Build.0 = Release|Any CPU
		{BE539183-9A82-4990-8A4E-FD984492B470}.Debug|Any CPU.ActiveCfg = Debug|Any CPU
		{BE539183-9A82-4990-8A4E-FD984492B470}.Debug|Any CPU.Build.0 = Debug|Any CPU
		{BE539183-9A82-4990-8A4E-FD984492B470}.Debug|ARM.ActiveCfg = Debug|Any CPU
		{BE539183-9A82-4990-8A4E-FD984492B470}.Debug|ARM.Build.0 = Debug|Any CPU
		{BE539183-9A82-4990-8A4E-FD984492B470}.Debug|iPhone.ActiveCfg = Debug|Any CPU
		{BE539183-9A82-4990-8A4E-FD984492B470}.Debug|iPhone.Build.0 = Debug|Any CPU
		{BE539183-9A82-4990-8A4E-FD984492B470}.Debug|iPhoneSimulator.ActiveCfg = Debug|Any CPU
		{BE539183-9A82-4990-8A4E-FD984492B470}.Debug|iPhoneSimulator.Build.0 = Debug|Any CPU
		{BE539183-9A82-4990-8A4E-FD984492B470}.Debug|x64.ActiveCfg = Debug|Any CPU
		{BE539183-9A82-4990-8A4E-FD984492B470}.Debug|x64.Build.0 = Debug|Any CPU
		{BE539183-9A82-4990-8A4E-FD984492B470}.Debug|x86.ActiveCfg = Debug|Any CPU
		{BE539183-9A82-4990-8A4E-FD984492B470}.Debug|x86.Build.0 = Debug|Any CPU
		{BE539183-9A82-4990-8A4E-FD984492B470}.Release|Any CPU.ActiveCfg = Release|Any CPU
		{BE539183-9A82-4990-8A4E-FD984492B470}.Release|Any CPU.Build.0 = Release|Any CPU
		{BE539183-9A82-4990-8A4E-FD984492B470}.Release|ARM.ActiveCfg = Release|Any CPU
		{BE539183-9A82-4990-8A4E-FD984492B470}.Release|ARM.Build.0 = Release|Any CPU
		{BE539183-9A82-4990-8A4E-FD984492B470}.Release|iPhone.ActiveCfg = Release|Any CPU
		{BE539183-9A82-4990-8A4E-FD984492B470}.Release|iPhone.Build.0 = Release|Any CPU
		{BE539183-9A82-4990-8A4E-FD984492B470}.Release|iPhoneSimulator.ActiveCfg = Release|Any CPU
		{BE539183-9A82-4990-8A4E-FD984492B470}.Release|iPhoneSimulator.Build.0 = Release|Any CPU
		{BE539183-9A82-4990-8A4E-FD984492B470}.Release|x64.ActiveCfg = Release|Any CPU
		{BE539183-9A82-4990-8A4E-FD984492B470}.Release|x64.Build.0 = Release|Any CPU
		{BE539183-9A82-4990-8A4E-FD984492B470}.Release|x86.ActiveCfg = Release|Any CPU
		{BE539183-9A82-4990-8A4E-FD984492B470}.Release|x86.Build.0 = Release|Any CPU
		{8A3B63FA-10A3-4CE9-8932-B3D9AC385018}.Ad-Hoc|Any CPU.ActiveCfg = Release|Any CPU
		{8A3B63FA-10A3-4CE9-8932-B3D9AC385018}.Ad-Hoc|Any CPU.Build.0 = Release|Any CPU
		{8A3B63FA-10A3-4CE9-8932-B3D9AC385018}.Ad-Hoc|ARM.ActiveCfg = Release|Any CPU
		{8A3B63FA-10A3-4CE9-8932-B3D9AC385018}.Ad-Hoc|ARM.Build.0 = Release|Any CPU
		{8A3B63FA-10A3-4CE9-8932-B3D9AC385018}.Ad-Hoc|iPhone.ActiveCfg = Release|Any CPU
		{8A3B63FA-10A3-4CE9-8932-B3D9AC385018}.Ad-Hoc|iPhone.Build.0 = Release|Any CPU
		{8A3B63FA-10A3-4CE9-8932-B3D9AC385018}.Ad-Hoc|iPhoneSimulator.ActiveCfg = Release|Any CPU
		{8A3B63FA-10A3-4CE9-8932-B3D9AC385018}.Ad-Hoc|iPhoneSimulator.Build.0 = Release|Any CPU
		{8A3B63FA-10A3-4CE9-8932-B3D9AC385018}.Ad-Hoc|x64.ActiveCfg = Release|Any CPU
		{8A3B63FA-10A3-4CE9-8932-B3D9AC385018}.Ad-Hoc|x64.Build.0 = Release|Any CPU
		{8A3B63FA-10A3-4CE9-8932-B3D9AC385018}.Ad-Hoc|x86.ActiveCfg = Release|Any CPU
		{8A3B63FA-10A3-4CE9-8932-B3D9AC385018}.Ad-Hoc|x86.Build.0 = Release|Any CPU
		{8A3B63FA-10A3-4CE9-8932-B3D9AC385018}.AppStore|Any CPU.ActiveCfg = Release|Any CPU
		{8A3B63FA-10A3-4CE9-8932-B3D9AC385018}.AppStore|Any CPU.Build.0 = Release|Any CPU
		{8A3B63FA-10A3-4CE9-8932-B3D9AC385018}.AppStore|ARM.ActiveCfg = Release|Any CPU
		{8A3B63FA-10A3-4CE9-8932-B3D9AC385018}.AppStore|ARM.Build.0 = Release|Any CPU
		{8A3B63FA-10A3-4CE9-8932-B3D9AC385018}.AppStore|iPhone.ActiveCfg = Release|Any CPU
		{8A3B63FA-10A3-4CE9-8932-B3D9AC385018}.AppStore|iPhone.Build.0 = Release|Any CPU
		{8A3B63FA-10A3-4CE9-8932-B3D9AC385018}.AppStore|iPhoneSimulator.ActiveCfg = Release|Any CPU
		{8A3B63FA-10A3-4CE9-8932-B3D9AC385018}.AppStore|iPhoneSimulator.Build.0 = Release|Any CPU
		{8A3B63FA-10A3-4CE9-8932-B3D9AC385018}.AppStore|x64.ActiveCfg = Release|Any CPU
		{8A3B63FA-10A3-4CE9-8932-B3D9AC385018}.AppStore|x64.Build.0 = Release|Any CPU
		{8A3B63FA-10A3-4CE9-8932-B3D9AC385018}.AppStore|x86.ActiveCfg = Release|Any CPU
		{8A3B63FA-10A3-4CE9-8932-B3D9AC385018}.AppStore|x86.Build.0 = Release|Any CPU
		{8A3B63FA-10A3-4CE9-8932-B3D9AC385018}.Debug|Any CPU.ActiveCfg = Debug|Any CPU
		{8A3B63FA-10A3-4CE9-8932-B3D9AC385018}.Debug|Any CPU.Build.0 = Debug|Any CPU
		{8A3B63FA-10A3-4CE9-8932-B3D9AC385018}.Debug|ARM.ActiveCfg = Debug|Any CPU
		{8A3B63FA-10A3-4CE9-8932-B3D9AC385018}.Debug|ARM.Build.0 = Debug|Any CPU
		{8A3B63FA-10A3-4CE9-8932-B3D9AC385018}.Debug|iPhone.ActiveCfg = Debug|Any CPU
		{8A3B63FA-10A3-4CE9-8932-B3D9AC385018}.Debug|iPhone.Build.0 = Debug|Any CPU
		{8A3B63FA-10A3-4CE9-8932-B3D9AC385018}.Debug|iPhoneSimulator.ActiveCfg = Debug|Any CPU
		{8A3B63FA-10A3-4CE9-8932-B3D9AC385018}.Debug|iPhoneSimulator.Build.0 = Debug|Any CPU
		{8A3B63FA-10A3-4CE9-8932-B3D9AC385018}.Debug|x64.ActiveCfg = Debug|Any CPU
		{8A3B63FA-10A3-4CE9-8932-B3D9AC385018}.Debug|x64.Build.0 = Debug|Any CPU
		{8A3B63FA-10A3-4CE9-8932-B3D9AC385018}.Debug|x86.ActiveCfg = Debug|Any CPU
		{8A3B63FA-10A3-4CE9-8932-B3D9AC385018}.Debug|x86.Build.0 = Debug|Any CPU
		{8A3B63FA-10A3-4CE9-8932-B3D9AC385018}.Release|Any CPU.ActiveCfg = Release|Any CPU
		{8A3B63FA-10A3-4CE9-8932-B3D9AC385018}.Release|Any CPU.Build.0 = Release|Any CPU
		{8A3B63FA-10A3-4CE9-8932-B3D9AC385018}.Release|ARM.ActiveCfg = Release|Any CPU
		{8A3B63FA-10A3-4CE9-8932-B3D9AC385018}.Release|ARM.Build.0 = Release|Any CPU
		{8A3B63FA-10A3-4CE9-8932-B3D9AC385018}.Release|iPhone.ActiveCfg = Release|Any CPU
		{8A3B63FA-10A3-4CE9-8932-B3D9AC385018}.Release|iPhone.Build.0 = Release|Any CPU
		{8A3B63FA-10A3-4CE9-8932-B3D9AC385018}.Release|iPhoneSimulator.ActiveCfg = Release|Any CPU
		{8A3B63FA-10A3-4CE9-8932-B3D9AC385018}.Release|iPhoneSimulator.Build.0 = Release|Any CPU
		{8A3B63FA-10A3-4CE9-8932-B3D9AC385018}.Release|x64.ActiveCfg = Release|Any CPU
		{8A3B63FA-10A3-4CE9-8932-B3D9AC385018}.Release|x64.Build.0 = Release|Any CPU
		{8A3B63FA-10A3-4CE9-8932-B3D9AC385018}.Release|x86.ActiveCfg = Release|Any CPU
		{8A3B63FA-10A3-4CE9-8932-B3D9AC385018}.Release|x86.Build.0 = Release|Any CPU
		{3E5925E6-8788-4DC1-9824-7ABF2CD83D3F}.Ad-Hoc|Any CPU.ActiveCfg = Release|Any CPU
		{3E5925E6-8788-4DC1-9824-7ABF2CD83D3F}.Ad-Hoc|Any CPU.Build.0 = Release|Any CPU
		{3E5925E6-8788-4DC1-9824-7ABF2CD83D3F}.Ad-Hoc|ARM.ActiveCfg = Release|Any CPU
		{3E5925E6-8788-4DC1-9824-7ABF2CD83D3F}.Ad-Hoc|ARM.Build.0 = Release|Any CPU
		{3E5925E6-8788-4DC1-9824-7ABF2CD83D3F}.Ad-Hoc|iPhone.ActiveCfg = Release|Any CPU
		{3E5925E6-8788-4DC1-9824-7ABF2CD83D3F}.Ad-Hoc|iPhone.Build.0 = Release|Any CPU
		{3E5925E6-8788-4DC1-9824-7ABF2CD83D3F}.Ad-Hoc|iPhoneSimulator.ActiveCfg = Release|Any CPU
		{3E5925E6-8788-4DC1-9824-7ABF2CD83D3F}.Ad-Hoc|iPhoneSimulator.Build.0 = Release|Any CPU
		{3E5925E6-8788-4DC1-9824-7ABF2CD83D3F}.Ad-Hoc|x64.ActiveCfg = Release|Any CPU
		{3E5925E6-8788-4DC1-9824-7ABF2CD83D3F}.Ad-Hoc|x64.Build.0 = Release|Any CPU
		{3E5925E6-8788-4DC1-9824-7ABF2CD83D3F}.Ad-Hoc|x86.ActiveCfg = Release|Any CPU
		{3E5925E6-8788-4DC1-9824-7ABF2CD83D3F}.Ad-Hoc|x86.Build.0 = Release|Any CPU
		{3E5925E6-8788-4DC1-9824-7ABF2CD83D3F}.AppStore|Any CPU.ActiveCfg = Release|Any CPU
		{3E5925E6-8788-4DC1-9824-7ABF2CD83D3F}.AppStore|Any CPU.Build.0 = Release|Any CPU
		{3E5925E6-8788-4DC1-9824-7ABF2CD83D3F}.AppStore|ARM.ActiveCfg = Release|Any CPU
		{3E5925E6-8788-4DC1-9824-7ABF2CD83D3F}.AppStore|ARM.Build.0 = Release|Any CPU
		{3E5925E6-8788-4DC1-9824-7ABF2CD83D3F}.AppStore|iPhone.ActiveCfg = Release|Any CPU
		{3E5925E6-8788-4DC1-9824-7ABF2CD83D3F}.AppStore|iPhone.Build.0 = Release|Any CPU
		{3E5925E6-8788-4DC1-9824-7ABF2CD83D3F}.AppStore|iPhoneSimulator.ActiveCfg = Release|Any CPU
		{3E5925E6-8788-4DC1-9824-7ABF2CD83D3F}.AppStore|iPhoneSimulator.Build.0 = Release|Any CPU
		{3E5925E6-8788-4DC1-9824-7ABF2CD83D3F}.AppStore|x64.ActiveCfg = Release|Any CPU
		{3E5925E6-8788-4DC1-9824-7ABF2CD83D3F}.AppStore|x64.Build.0 = Release|Any CPU
		{3E5925E6-8788-4DC1-9824-7ABF2CD83D3F}.AppStore|x86.ActiveCfg = Release|Any CPU
		{3E5925E6-8788-4DC1-9824-7ABF2CD83D3F}.AppStore|x86.Build.0 = Release|Any CPU
		{3E5925E6-8788-4DC1-9824-7ABF2CD83D3F}.Debug|Any CPU.ActiveCfg = Debug|Any CPU
		{3E5925E6-8788-4DC1-9824-7ABF2CD83D3F}.Debug|Any CPU.Build.0 = Debug|Any CPU
		{3E5925E6-8788-4DC1-9824-7ABF2CD83D3F}.Debug|ARM.ActiveCfg = Debug|Any CPU
		{3E5925E6-8788-4DC1-9824-7ABF2CD83D3F}.Debug|ARM.Build.0 = Debug|Any CPU
		{3E5925E6-8788-4DC1-9824-7ABF2CD83D3F}.Debug|iPhone.ActiveCfg = Debug|Any CPU
		{3E5925E6-8788-4DC1-9824-7ABF2CD83D3F}.Debug|iPhone.Build.0 = Debug|Any CPU
		{3E5925E6-8788-4DC1-9824-7ABF2CD83D3F}.Debug|iPhoneSimulator.ActiveCfg = Debug|Any CPU
		{3E5925E6-8788-4DC1-9824-7ABF2CD83D3F}.Debug|iPhoneSimulator.Build.0 = Debug|Any CPU
		{3E5925E6-8788-4DC1-9824-7ABF2CD83D3F}.Debug|x64.ActiveCfg = Debug|Any CPU
		{3E5925E6-8788-4DC1-9824-7ABF2CD83D3F}.Debug|x64.Build.0 = Debug|Any CPU
		{3E5925E6-8788-4DC1-9824-7ABF2CD83D3F}.Debug|x86.ActiveCfg = Debug|Any CPU
		{3E5925E6-8788-4DC1-9824-7ABF2CD83D3F}.Debug|x86.Build.0 = Debug|Any CPU
		{3E5925E6-8788-4DC1-9824-7ABF2CD83D3F}.Release|Any CPU.ActiveCfg = Release|Any CPU
		{3E5925E6-8788-4DC1-9824-7ABF2CD83D3F}.Release|Any CPU.Build.0 = Release|Any CPU
		{3E5925E6-8788-4DC1-9824-7ABF2CD83D3F}.Release|ARM.ActiveCfg = Release|Any CPU
		{3E5925E6-8788-4DC1-9824-7ABF2CD83D3F}.Release|ARM.Build.0 = Release|Any CPU
		{3E5925E6-8788-4DC1-9824-7ABF2CD83D3F}.Release|iPhone.ActiveCfg = Release|Any CPU
		{3E5925E6-8788-4DC1-9824-7ABF2CD83D3F}.Release|iPhone.Build.0 = Release|Any CPU
		{3E5925E6-8788-4DC1-9824-7ABF2CD83D3F}.Release|iPhoneSimulator.ActiveCfg = Release|Any CPU
		{3E5925E6-8788-4DC1-9824-7ABF2CD83D3F}.Release|iPhoneSimulator.Build.0 = Release|Any CPU
		{3E5925E6-8788-4DC1-9824-7ABF2CD83D3F}.Release|x64.ActiveCfg = Release|Any CPU
		{3E5925E6-8788-4DC1-9824-7ABF2CD83D3F}.Release|x64.Build.0 = Release|Any CPU
		{3E5925E6-8788-4DC1-9824-7ABF2CD83D3F}.Release|x86.ActiveCfg = Release|Any CPU
		{3E5925E6-8788-4DC1-9824-7ABF2CD83D3F}.Release|x86.Build.0 = Release|Any CPU
		{09EE72BC-022B-4C66-B805-706B9B90332D}.Ad-Hoc|Any CPU.ActiveCfg = Release|Any CPU
		{09EE72BC-022B-4C66-B805-706B9B90332D}.Ad-Hoc|Any CPU.Build.0 = Release|Any CPU
		{09EE72BC-022B-4C66-B805-706B9B90332D}.Ad-Hoc|ARM.ActiveCfg = Release|Any CPU
		{09EE72BC-022B-4C66-B805-706B9B90332D}.Ad-Hoc|ARM.Build.0 = Release|Any CPU
		{09EE72BC-022B-4C66-B805-706B9B90332D}.Ad-Hoc|iPhone.ActiveCfg = Release|Any CPU
		{09EE72BC-022B-4C66-B805-706B9B90332D}.Ad-Hoc|iPhone.Build.0 = Release|Any CPU
		{09EE72BC-022B-4C66-B805-706B9B90332D}.Ad-Hoc|iPhoneSimulator.ActiveCfg = Release|Any CPU
		{09EE72BC-022B-4C66-B805-706B9B90332D}.Ad-Hoc|iPhoneSimulator.Build.0 = Release|Any CPU
		{09EE72BC-022B-4C66-B805-706B9B90332D}.Ad-Hoc|x64.ActiveCfg = Release|Any CPU
		{09EE72BC-022B-4C66-B805-706B9B90332D}.Ad-Hoc|x64.Build.0 = Release|Any CPU
		{09EE72BC-022B-4C66-B805-706B9B90332D}.Ad-Hoc|x86.ActiveCfg = Release|Any CPU
		{09EE72BC-022B-4C66-B805-706B9B90332D}.Ad-Hoc|x86.Build.0 = Release|Any CPU
		{09EE72BC-022B-4C66-B805-706B9B90332D}.AppStore|Any CPU.ActiveCfg = Release|Any CPU
		{09EE72BC-022B-4C66-B805-706B9B90332D}.AppStore|Any CPU.Build.0 = Release|Any CPU
		{09EE72BC-022B-4C66-B805-706B9B90332D}.AppStore|ARM.ActiveCfg = Release|Any CPU
		{09EE72BC-022B-4C66-B805-706B9B90332D}.AppStore|ARM.Build.0 = Release|Any CPU
		{09EE72BC-022B-4C66-B805-706B9B90332D}.AppStore|iPhone.ActiveCfg = Release|Any CPU
		{09EE72BC-022B-4C66-B805-706B9B90332D}.AppStore|iPhone.Build.0 = Release|Any CPU
		{09EE72BC-022B-4C66-B805-706B9B90332D}.AppStore|iPhoneSimulator.ActiveCfg = Release|Any CPU
		{09EE72BC-022B-4C66-B805-706B9B90332D}.AppStore|iPhoneSimulator.Build.0 = Release|Any CPU
		{09EE72BC-022B-4C66-B805-706B9B90332D}.AppStore|x64.ActiveCfg = Release|Any CPU
		{09EE72BC-022B-4C66-B805-706B9B90332D}.AppStore|x64.Build.0 = Release|Any CPU
		{09EE72BC-022B-4C66-B805-706B9B90332D}.AppStore|x86.ActiveCfg = Release|Any CPU
		{09EE72BC-022B-4C66-B805-706B9B90332D}.AppStore|x86.Build.0 = Release|Any CPU
		{09EE72BC-022B-4C66-B805-706B9B90332D}.Debug|Any CPU.ActiveCfg = Debug|Any CPU
		{09EE72BC-022B-4C66-B805-706B9B90332D}.Debug|Any CPU.Build.0 = Debug|Any CPU
		{09EE72BC-022B-4C66-B805-706B9B90332D}.Debug|ARM.ActiveCfg = Debug|Any CPU
		{09EE72BC-022B-4C66-B805-706B9B90332D}.Debug|ARM.Build.0 = Debug|Any CPU
		{09EE72BC-022B-4C66-B805-706B9B90332D}.Debug|iPhone.ActiveCfg = Debug|Any CPU
		{09EE72BC-022B-4C66-B805-706B9B90332D}.Debug|iPhone.Build.0 = Debug|Any CPU
		{09EE72BC-022B-4C66-B805-706B9B90332D}.Debug|iPhoneSimulator.ActiveCfg = Debug|Any CPU
		{09EE72BC-022B-4C66-B805-706B9B90332D}.Debug|iPhoneSimulator.Build.0 = Debug|Any CPU
		{09EE72BC-022B-4C66-B805-706B9B90332D}.Debug|x64.ActiveCfg = Debug|Any CPU
		{09EE72BC-022B-4C66-B805-706B9B90332D}.Debug|x64.Build.0 = Debug|Any CPU
		{09EE72BC-022B-4C66-B805-706B9B90332D}.Debug|x86.ActiveCfg = Debug|Any CPU
		{09EE72BC-022B-4C66-B805-706B9B90332D}.Debug|x86.Build.0 = Debug|Any CPU
		{09EE72BC-022B-4C66-B805-706B9B90332D}.Release|Any CPU.ActiveCfg = Release|Any CPU
		{09EE72BC-022B-4C66-B805-706B9B90332D}.Release|Any CPU.Build.0 = Release|Any CPU
		{09EE72BC-022B-4C66-B805-706B9B90332D}.Release|ARM.ActiveCfg = Release|Any CPU
		{09EE72BC-022B-4C66-B805-706B9B90332D}.Release|ARM.Build.0 = Release|Any CPU
		{09EE72BC-022B-4C66-B805-706B9B90332D}.Release|iPhone.ActiveCfg = Release|Any CPU
		{09EE72BC-022B-4C66-B805-706B9B90332D}.Release|iPhone.Build.0 = Release|Any CPU
		{09EE72BC-022B-4C66-B805-706B9B90332D}.Release|iPhoneSimulator.ActiveCfg = Release|Any CPU
		{09EE72BC-022B-4C66-B805-706B9B90332D}.Release|iPhoneSimulator.Build.0 = Release|Any CPU
		{09EE72BC-022B-4C66-B805-706B9B90332D}.Release|x64.ActiveCfg = Release|Any CPU
		{09EE72BC-022B-4C66-B805-706B9B90332D}.Release|x64.Build.0 = Release|Any CPU
		{09EE72BC-022B-4C66-B805-706B9B90332D}.Release|x86.ActiveCfg = Release|Any CPU
		{09EE72BC-022B-4C66-B805-706B9B90332D}.Release|x86.Build.0 = Release|Any CPU
		{42808417-9C5A-4CEC-9130-C7BA49A6BEB4}.Ad-Hoc|Any CPU.ActiveCfg = Release|Any CPU
		{42808417-9C5A-4CEC-9130-C7BA49A6BEB4}.Ad-Hoc|Any CPU.Build.0 = Release|Any CPU
		{42808417-9C5A-4CEC-9130-C7BA49A6BEB4}.Ad-Hoc|ARM.ActiveCfg = Release|Any CPU
		{42808417-9C5A-4CEC-9130-C7BA49A6BEB4}.Ad-Hoc|ARM.Build.0 = Release|Any CPU
		{42808417-9C5A-4CEC-9130-C7BA49A6BEB4}.Ad-Hoc|iPhone.ActiveCfg = Release|Any CPU
		{42808417-9C5A-4CEC-9130-C7BA49A6BEB4}.Ad-Hoc|iPhone.Build.0 = Release|Any CPU
		{42808417-9C5A-4CEC-9130-C7BA49A6BEB4}.Ad-Hoc|iPhoneSimulator.ActiveCfg = Release|Any CPU
		{42808417-9C5A-4CEC-9130-C7BA49A6BEB4}.Ad-Hoc|iPhoneSimulator.Build.0 = Release|Any CPU
		{42808417-9C5A-4CEC-9130-C7BA49A6BEB4}.Ad-Hoc|x64.ActiveCfg = Release|Any CPU
		{42808417-9C5A-4CEC-9130-C7BA49A6BEB4}.Ad-Hoc|x64.Build.0 = Release|Any CPU
		{42808417-9C5A-4CEC-9130-C7BA49A6BEB4}.Ad-Hoc|x86.ActiveCfg = Release|Any CPU
		{42808417-9C5A-4CEC-9130-C7BA49A6BEB4}.Ad-Hoc|x86.Build.0 = Release|Any CPU
		{42808417-9C5A-4CEC-9130-C7BA49A6BEB4}.AppStore|Any CPU.ActiveCfg = Release|Any CPU
		{42808417-9C5A-4CEC-9130-C7BA49A6BEB4}.AppStore|Any CPU.Build.0 = Release|Any CPU
		{42808417-9C5A-4CEC-9130-C7BA49A6BEB4}.AppStore|ARM.ActiveCfg = Release|Any CPU
		{42808417-9C5A-4CEC-9130-C7BA49A6BEB4}.AppStore|ARM.Build.0 = Release|Any CPU
		{42808417-9C5A-4CEC-9130-C7BA49A6BEB4}.AppStore|iPhone.ActiveCfg = Release|Any CPU
		{42808417-9C5A-4CEC-9130-C7BA49A6BEB4}.AppStore|iPhone.Build.0 = Release|Any CPU
		{42808417-9C5A-4CEC-9130-C7BA49A6BEB4}.AppStore|iPhoneSimulator.ActiveCfg = Release|Any CPU
		{42808417-9C5A-4CEC-9130-C7BA49A6BEB4}.AppStore|iPhoneSimulator.Build.0 = Release|Any CPU
		{42808417-9C5A-4CEC-9130-C7BA49A6BEB4}.AppStore|x64.ActiveCfg = Release|Any CPU
		{42808417-9C5A-4CEC-9130-C7BA49A6BEB4}.AppStore|x64.Build.0 = Release|Any CPU
		{42808417-9C5A-4CEC-9130-C7BA49A6BEB4}.AppStore|x86.ActiveCfg = Release|Any CPU
		{42808417-9C5A-4CEC-9130-C7BA49A6BEB4}.AppStore|x86.Build.0 = Release|Any CPU
		{42808417-9C5A-4CEC-9130-C7BA49A6BEB4}.Debug|Any CPU.ActiveCfg = Debug|Any CPU
		{42808417-9C5A-4CEC-9130-C7BA49A6BEB4}.Debug|Any CPU.Build.0 = Debug|Any CPU
		{42808417-9C5A-4CEC-9130-C7BA49A6BEB4}.Debug|ARM.ActiveCfg = Debug|Any CPU
		{42808417-9C5A-4CEC-9130-C7BA49A6BEB4}.Debug|ARM.Build.0 = Debug|Any CPU
		{42808417-9C5A-4CEC-9130-C7BA49A6BEB4}.Debug|iPhone.ActiveCfg = Debug|Any CPU
		{42808417-9C5A-4CEC-9130-C7BA49A6BEB4}.Debug|iPhone.Build.0 = Debug|Any CPU
		{42808417-9C5A-4CEC-9130-C7BA49A6BEB4}.Debug|iPhoneSimulator.ActiveCfg = Debug|Any CPU
		{42808417-9C5A-4CEC-9130-C7BA49A6BEB4}.Debug|iPhoneSimulator.Build.0 = Debug|Any CPU
		{42808417-9C5A-4CEC-9130-C7BA49A6BEB4}.Debug|x64.ActiveCfg = Debug|Any CPU
		{42808417-9C5A-4CEC-9130-C7BA49A6BEB4}.Debug|x64.Build.0 = Debug|Any CPU
		{42808417-9C5A-4CEC-9130-C7BA49A6BEB4}.Debug|x86.ActiveCfg = Debug|Any CPU
		{42808417-9C5A-4CEC-9130-C7BA49A6BEB4}.Debug|x86.Build.0 = Debug|Any CPU
		{42808417-9C5A-4CEC-9130-C7BA49A6BEB4}.Release|Any CPU.ActiveCfg = Release|Any CPU
		{42808417-9C5A-4CEC-9130-C7BA49A6BEB4}.Release|Any CPU.Build.0 = Release|Any CPU
		{42808417-9C5A-4CEC-9130-C7BA49A6BEB4}.Release|ARM.ActiveCfg = Release|Any CPU
		{42808417-9C5A-4CEC-9130-C7BA49A6BEB4}.Release|ARM.Build.0 = Release|Any CPU
		{42808417-9C5A-4CEC-9130-C7BA49A6BEB4}.Release|iPhone.ActiveCfg = Release|Any CPU
		{42808417-9C5A-4CEC-9130-C7BA49A6BEB4}.Release|iPhone.Build.0 = Release|Any CPU
		{42808417-9C5A-4CEC-9130-C7BA49A6BEB4}.Release|iPhoneSimulator.ActiveCfg = Release|Any CPU
		{42808417-9C5A-4CEC-9130-C7BA49A6BEB4}.Release|iPhoneSimulator.Build.0 = Release|Any CPU
		{42808417-9C5A-4CEC-9130-C7BA49A6BEB4}.Release|x64.ActiveCfg = Release|Any CPU
		{42808417-9C5A-4CEC-9130-C7BA49A6BEB4}.Release|x64.Build.0 = Release|Any CPU
		{42808417-9C5A-4CEC-9130-C7BA49A6BEB4}.Release|x86.ActiveCfg = Release|Any CPU
		{42808417-9C5A-4CEC-9130-C7BA49A6BEB4}.Release|x86.Build.0 = Release|Any CPU
		{6F10B70A-ABDF-498A-9034-A297E9F14114}.Ad-Hoc|Any CPU.ActiveCfg = Release|Any CPU
		{6F10B70A-ABDF-498A-9034-A297E9F14114}.Ad-Hoc|Any CPU.Build.0 = Release|Any CPU
		{6F10B70A-ABDF-498A-9034-A297E9F14114}.Ad-Hoc|ARM.ActiveCfg = Release|Any CPU
		{6F10B70A-ABDF-498A-9034-A297E9F14114}.Ad-Hoc|ARM.Build.0 = Release|Any CPU
		{6F10B70A-ABDF-498A-9034-A297E9F14114}.Ad-Hoc|iPhone.ActiveCfg = Release|Any CPU
		{6F10B70A-ABDF-498A-9034-A297E9F14114}.Ad-Hoc|iPhone.Build.0 = Release|Any CPU
		{6F10B70A-ABDF-498A-9034-A297E9F14114}.Ad-Hoc|iPhoneSimulator.ActiveCfg = Release|Any CPU
		{6F10B70A-ABDF-498A-9034-A297E9F14114}.Ad-Hoc|iPhoneSimulator.Build.0 = Release|Any CPU
		{6F10B70A-ABDF-498A-9034-A297E9F14114}.Ad-Hoc|x64.ActiveCfg = Release|Any CPU
		{6F10B70A-ABDF-498A-9034-A297E9F14114}.Ad-Hoc|x64.Build.0 = Release|Any CPU
		{6F10B70A-ABDF-498A-9034-A297E9F14114}.Ad-Hoc|x86.ActiveCfg = Release|Any CPU
		{6F10B70A-ABDF-498A-9034-A297E9F14114}.Ad-Hoc|x86.Build.0 = Release|Any CPU
		{6F10B70A-ABDF-498A-9034-A297E9F14114}.AppStore|Any CPU.ActiveCfg = Release|Any CPU
		{6F10B70A-ABDF-498A-9034-A297E9F14114}.AppStore|Any CPU.Build.0 = Release|Any CPU
		{6F10B70A-ABDF-498A-9034-A297E9F14114}.AppStore|ARM.ActiveCfg = Release|Any CPU
		{6F10B70A-ABDF-498A-9034-A297E9F14114}.AppStore|ARM.Build.0 = Release|Any CPU
		{6F10B70A-ABDF-498A-9034-A297E9F14114}.AppStore|iPhone.ActiveCfg = Release|Any CPU
		{6F10B70A-ABDF-498A-9034-A297E9F14114}.AppStore|iPhone.Build.0 = Release|Any CPU
		{6F10B70A-ABDF-498A-9034-A297E9F14114}.AppStore|iPhoneSimulator.ActiveCfg = Release|Any CPU
		{6F10B70A-ABDF-498A-9034-A297E9F14114}.AppStore|iPhoneSimulator.Build.0 = Release|Any CPU
		{6F10B70A-ABDF-498A-9034-A297E9F14114}.AppStore|x64.ActiveCfg = Release|Any CPU
		{6F10B70A-ABDF-498A-9034-A297E9F14114}.AppStore|x64.Build.0 = Release|Any CPU
		{6F10B70A-ABDF-498A-9034-A297E9F14114}.AppStore|x86.ActiveCfg = Release|Any CPU
		{6F10B70A-ABDF-498A-9034-A297E9F14114}.AppStore|x86.Build.0 = Release|Any CPU
		{6F10B70A-ABDF-498A-9034-A297E9F14114}.Debug|Any CPU.ActiveCfg = Debug|Any CPU
		{6F10B70A-ABDF-498A-9034-A297E9F14114}.Debug|Any CPU.Build.0 = Debug|Any CPU
		{6F10B70A-ABDF-498A-9034-A297E9F14114}.Debug|ARM.ActiveCfg = Debug|Any CPU
		{6F10B70A-ABDF-498A-9034-A297E9F14114}.Debug|ARM.Build.0 = Debug|Any CPU
		{6F10B70A-ABDF-498A-9034-A297E9F14114}.Debug|iPhone.ActiveCfg = Debug|Any CPU
		{6F10B70A-ABDF-498A-9034-A297E9F14114}.Debug|iPhone.Build.0 = Debug|Any CPU
		{6F10B70A-ABDF-498A-9034-A297E9F14114}.Debug|iPhoneSimulator.ActiveCfg = Debug|Any CPU
		{6F10B70A-ABDF-498A-9034-A297E9F14114}.Debug|iPhoneSimulator.Build.0 = Debug|Any CPU
		{6F10B70A-ABDF-498A-9034-A297E9F14114}.Debug|x64.ActiveCfg = Debug|Any CPU
		{6F10B70A-ABDF-498A-9034-A297E9F14114}.Debug|x64.Build.0 = Debug|Any CPU
		{6F10B70A-ABDF-498A-9034-A297E9F14114}.Debug|x86.ActiveCfg = Debug|Any CPU
		{6F10B70A-ABDF-498A-9034-A297E9F14114}.Debug|x86.Build.0 = Debug|Any CPU
		{6F10B70A-ABDF-498A-9034-A297E9F14114}.Release|Any CPU.ActiveCfg = Release|Any CPU
		{6F10B70A-ABDF-498A-9034-A297E9F14114}.Release|Any CPU.Build.0 = Release|Any CPU
		{6F10B70A-ABDF-498A-9034-A297E9F14114}.Release|ARM.ActiveCfg = Release|Any CPU
		{6F10B70A-ABDF-498A-9034-A297E9F14114}.Release|ARM.Build.0 = Release|Any CPU
		{6F10B70A-ABDF-498A-9034-A297E9F14114}.Release|iPhone.ActiveCfg = Release|Any CPU
		{6F10B70A-ABDF-498A-9034-A297E9F14114}.Release|iPhone.Build.0 = Release|Any CPU
		{6F10B70A-ABDF-498A-9034-A297E9F14114}.Release|iPhoneSimulator.ActiveCfg = Release|Any CPU
		{6F10B70A-ABDF-498A-9034-A297E9F14114}.Release|iPhoneSimulator.Build.0 = Release|Any CPU
		{6F10B70A-ABDF-498A-9034-A297E9F14114}.Release|x64.ActiveCfg = Release|Any CPU
		{6F10B70A-ABDF-498A-9034-A297E9F14114}.Release|x64.Build.0 = Release|Any CPU
		{6F10B70A-ABDF-498A-9034-A297E9F14114}.Release|x86.ActiveCfg = Release|Any CPU
		{6F10B70A-ABDF-498A-9034-A297E9F14114}.Release|x86.Build.0 = Release|Any CPU
		{B0BC8D7C-2562-4A09-8D28-798582C7AE71}.Ad-Hoc|Any CPU.ActiveCfg = Release|Any CPU
		{B0BC8D7C-2562-4A09-8D28-798582C7AE71}.Ad-Hoc|Any CPU.Build.0 = Release|Any CPU
		{B0BC8D7C-2562-4A09-8D28-798582C7AE71}.Ad-Hoc|ARM.ActiveCfg = Release|Any CPU
		{B0BC8D7C-2562-4A09-8D28-798582C7AE71}.Ad-Hoc|ARM.Build.0 = Release|Any CPU
		{B0BC8D7C-2562-4A09-8D28-798582C7AE71}.Ad-Hoc|iPhone.ActiveCfg = Release|Any CPU
		{B0BC8D7C-2562-4A09-8D28-798582C7AE71}.Ad-Hoc|iPhone.Build.0 = Release|Any CPU
		{B0BC8D7C-2562-4A09-8D28-798582C7AE71}.Ad-Hoc|iPhoneSimulator.ActiveCfg = Release|Any CPU
		{B0BC8D7C-2562-4A09-8D28-798582C7AE71}.Ad-Hoc|iPhoneSimulator.Build.0 = Release|Any CPU
		{B0BC8D7C-2562-4A09-8D28-798582C7AE71}.Ad-Hoc|x64.ActiveCfg = Release|Any CPU
		{B0BC8D7C-2562-4A09-8D28-798582C7AE71}.Ad-Hoc|x64.Build.0 = Release|Any CPU
		{B0BC8D7C-2562-4A09-8D28-798582C7AE71}.Ad-Hoc|x86.ActiveCfg = Release|Any CPU
		{B0BC8D7C-2562-4A09-8D28-798582C7AE71}.Ad-Hoc|x86.Build.0 = Release|Any CPU
		{B0BC8D7C-2562-4A09-8D28-798582C7AE71}.AppStore|Any CPU.ActiveCfg = Release|Any CPU
		{B0BC8D7C-2562-4A09-8D28-798582C7AE71}.AppStore|Any CPU.Build.0 = Release|Any CPU
		{B0BC8D7C-2562-4A09-8D28-798582C7AE71}.AppStore|ARM.ActiveCfg = Release|Any CPU
		{B0BC8D7C-2562-4A09-8D28-798582C7AE71}.AppStore|ARM.Build.0 = Release|Any CPU
		{B0BC8D7C-2562-4A09-8D28-798582C7AE71}.AppStore|iPhone.ActiveCfg = Release|Any CPU
		{B0BC8D7C-2562-4A09-8D28-798582C7AE71}.AppStore|iPhone.Build.0 = Release|Any CPU
		{B0BC8D7C-2562-4A09-8D28-798582C7AE71}.AppStore|iPhoneSimulator.ActiveCfg = Release|Any CPU
		{B0BC8D7C-2562-4A09-8D28-798582C7AE71}.AppStore|iPhoneSimulator.Build.0 = Release|Any CPU
		{B0BC8D7C-2562-4A09-8D28-798582C7AE71}.AppStore|x64.ActiveCfg = Release|Any CPU
		{B0BC8D7C-2562-4A09-8D28-798582C7AE71}.AppStore|x64.Build.0 = Release|Any CPU
		{B0BC8D7C-2562-4A09-8D28-798582C7AE71}.AppStore|x86.ActiveCfg = Release|Any CPU
		{B0BC8D7C-2562-4A09-8D28-798582C7AE71}.AppStore|x86.Build.0 = Release|Any CPU
		{B0BC8D7C-2562-4A09-8D28-798582C7AE71}.Debug|Any CPU.ActiveCfg = Debug|Any CPU
		{B0BC8D7C-2562-4A09-8D28-798582C7AE71}.Debug|Any CPU.Build.0 = Debug|Any CPU
		{B0BC8D7C-2562-4A09-8D28-798582C7AE71}.Debug|ARM.ActiveCfg = Debug|Any CPU
		{B0BC8D7C-2562-4A09-8D28-798582C7AE71}.Debug|ARM.Build.0 = Debug|Any CPU
		{B0BC8D7C-2562-4A09-8D28-798582C7AE71}.Debug|iPhone.ActiveCfg = Debug|Any CPU
		{B0BC8D7C-2562-4A09-8D28-798582C7AE71}.Debug|iPhone.Build.0 = Debug|Any CPU
		{B0BC8D7C-2562-4A09-8D28-798582C7AE71}.Debug|iPhoneSimulator.ActiveCfg = Debug|Any CPU
		{B0BC8D7C-2562-4A09-8D28-798582C7AE71}.Debug|iPhoneSimulator.Build.0 = Debug|Any CPU
		{B0BC8D7C-2562-4A09-8D28-798582C7AE71}.Debug|x64.ActiveCfg = Debug|Any CPU
		{B0BC8D7C-2562-4A09-8D28-798582C7AE71}.Debug|x64.Build.0 = Debug|Any CPU
		{B0BC8D7C-2562-4A09-8D28-798582C7AE71}.Debug|x86.ActiveCfg = Debug|Any CPU
		{B0BC8D7C-2562-4A09-8D28-798582C7AE71}.Debug|x86.Build.0 = Debug|Any CPU
		{B0BC8D7C-2562-4A09-8D28-798582C7AE71}.Release|Any CPU.ActiveCfg = Release|Any CPU
		{B0BC8D7C-2562-4A09-8D28-798582C7AE71}.Release|Any CPU.Build.0 = Release|Any CPU
		{B0BC8D7C-2562-4A09-8D28-798582C7AE71}.Release|ARM.ActiveCfg = Release|Any CPU
		{B0BC8D7C-2562-4A09-8D28-798582C7AE71}.Release|ARM.Build.0 = Release|Any CPU
		{B0BC8D7C-2562-4A09-8D28-798582C7AE71}.Release|iPhone.ActiveCfg = Release|Any CPU
		{B0BC8D7C-2562-4A09-8D28-798582C7AE71}.Release|iPhone.Build.0 = Release|Any CPU
		{B0BC8D7C-2562-4A09-8D28-798582C7AE71}.Release|iPhoneSimulator.ActiveCfg = Release|Any CPU
		{B0BC8D7C-2562-4A09-8D28-798582C7AE71}.Release|iPhoneSimulator.Build.0 = Release|Any CPU
		{B0BC8D7C-2562-4A09-8D28-798582C7AE71}.Release|x64.ActiveCfg = Release|Any CPU
		{B0BC8D7C-2562-4A09-8D28-798582C7AE71}.Release|x64.Build.0 = Release|Any CPU
		{B0BC8D7C-2562-4A09-8D28-798582C7AE71}.Release|x86.ActiveCfg = Release|Any CPU
		{B0BC8D7C-2562-4A09-8D28-798582C7AE71}.Release|x86.Build.0 = Release|Any CPU
		{07DDF432-3DA0-4B93-945E-2F16A5332CE9}.Ad-Hoc|Any CPU.ActiveCfg = Release|Any CPU
		{07DDF432-3DA0-4B93-945E-2F16A5332CE9}.Ad-Hoc|Any CPU.Build.0 = Release|Any CPU
		{07DDF432-3DA0-4B93-945E-2F16A5332CE9}.Ad-Hoc|ARM.ActiveCfg = Release|Any CPU
		{07DDF432-3DA0-4B93-945E-2F16A5332CE9}.Ad-Hoc|ARM.Build.0 = Release|Any CPU
		{07DDF432-3DA0-4B93-945E-2F16A5332CE9}.Ad-Hoc|iPhone.ActiveCfg = Release|Any CPU
		{07DDF432-3DA0-4B93-945E-2F16A5332CE9}.Ad-Hoc|iPhone.Build.0 = Release|Any CPU
		{07DDF432-3DA0-4B93-945E-2F16A5332CE9}.Ad-Hoc|iPhoneSimulator.ActiveCfg = Release|Any CPU
		{07DDF432-3DA0-4B93-945E-2F16A5332CE9}.Ad-Hoc|iPhoneSimulator.Build.0 = Release|Any CPU
		{07DDF432-3DA0-4B93-945E-2F16A5332CE9}.Ad-Hoc|x64.ActiveCfg = Release|Any CPU
		{07DDF432-3DA0-4B93-945E-2F16A5332CE9}.Ad-Hoc|x64.Build.0 = Release|Any CPU
		{07DDF432-3DA0-4B93-945E-2F16A5332CE9}.Ad-Hoc|x86.ActiveCfg = Release|Any CPU
		{07DDF432-3DA0-4B93-945E-2F16A5332CE9}.Ad-Hoc|x86.Build.0 = Release|Any CPU
		{07DDF432-3DA0-4B93-945E-2F16A5332CE9}.AppStore|Any CPU.ActiveCfg = Release|Any CPU
		{07DDF432-3DA0-4B93-945E-2F16A5332CE9}.AppStore|Any CPU.Build.0 = Release|Any CPU
		{07DDF432-3DA0-4B93-945E-2F16A5332CE9}.AppStore|ARM.ActiveCfg = Release|Any CPU
		{07DDF432-3DA0-4B93-945E-2F16A5332CE9}.AppStore|ARM.Build.0 = Release|Any CPU
		{07DDF432-3DA0-4B93-945E-2F16A5332CE9}.AppStore|iPhone.ActiveCfg = Release|Any CPU
		{07DDF432-3DA0-4B93-945E-2F16A5332CE9}.AppStore|iPhone.Build.0 = Release|Any CPU
		{07DDF432-3DA0-4B93-945E-2F16A5332CE9}.AppStore|iPhoneSimulator.ActiveCfg = Release|Any CPU
		{07DDF432-3DA0-4B93-945E-2F16A5332CE9}.AppStore|iPhoneSimulator.Build.0 = Release|Any CPU
		{07DDF432-3DA0-4B93-945E-2F16A5332CE9}.AppStore|x64.ActiveCfg = Release|Any CPU
		{07DDF432-3DA0-4B93-945E-2F16A5332CE9}.AppStore|x64.Build.0 = Release|Any CPU
		{07DDF432-3DA0-4B93-945E-2F16A5332CE9}.AppStore|x86.ActiveCfg = Release|Any CPU
		{07DDF432-3DA0-4B93-945E-2F16A5332CE9}.AppStore|x86.Build.0 = Release|Any CPU
		{07DDF432-3DA0-4B93-945E-2F16A5332CE9}.Debug|Any CPU.ActiveCfg = Debug|Any CPU
		{07DDF432-3DA0-4B93-945E-2F16A5332CE9}.Debug|Any CPU.Build.0 = Debug|Any CPU
		{07DDF432-3DA0-4B93-945E-2F16A5332CE9}.Debug|ARM.ActiveCfg = Debug|Any CPU
		{07DDF432-3DA0-4B93-945E-2F16A5332CE9}.Debug|ARM.Build.0 = Debug|Any CPU
		{07DDF432-3DA0-4B93-945E-2F16A5332CE9}.Debug|iPhone.ActiveCfg = Debug|Any CPU
		{07DDF432-3DA0-4B93-945E-2F16A5332CE9}.Debug|iPhone.Build.0 = Debug|Any CPU
		{07DDF432-3DA0-4B93-945E-2F16A5332CE9}.Debug|iPhoneSimulator.ActiveCfg = Debug|Any CPU
		{07DDF432-3DA0-4B93-945E-2F16A5332CE9}.Debug|iPhoneSimulator.Build.0 = Debug|Any CPU
		{07DDF432-3DA0-4B93-945E-2F16A5332CE9}.Debug|x64.ActiveCfg = Debug|Any CPU
		{07DDF432-3DA0-4B93-945E-2F16A5332CE9}.Debug|x64.Build.0 = Debug|Any CPU
		{07DDF432-3DA0-4B93-945E-2F16A5332CE9}.Debug|x86.ActiveCfg = Debug|Any CPU
		{07DDF432-3DA0-4B93-945E-2F16A5332CE9}.Debug|x86.Build.0 = Debug|Any CPU
		{07DDF432-3DA0-4B93-945E-2F16A5332CE9}.Release|Any CPU.ActiveCfg = Release|Any CPU
		{07DDF432-3DA0-4B93-945E-2F16A5332CE9}.Release|Any CPU.Build.0 = Release|Any CPU
		{07DDF432-3DA0-4B93-945E-2F16A5332CE9}.Release|ARM.ActiveCfg = Release|Any CPU
		{07DDF432-3DA0-4B93-945E-2F16A5332CE9}.Release|ARM.Build.0 = Release|Any CPU
		{07DDF432-3DA0-4B93-945E-2F16A5332CE9}.Release|iPhone.ActiveCfg = Release|Any CPU
		{07DDF432-3DA0-4B93-945E-2F16A5332CE9}.Release|iPhone.Build.0 = Release|Any CPU
		{07DDF432-3DA0-4B93-945E-2F16A5332CE9}.Release|iPhoneSimulator.ActiveCfg = Release|Any CPU
		{07DDF432-3DA0-4B93-945E-2F16A5332CE9}.Release|iPhoneSimulator.Build.0 = Release|Any CPU
		{07DDF432-3DA0-4B93-945E-2F16A5332CE9}.Release|x64.ActiveCfg = Release|Any CPU
		{07DDF432-3DA0-4B93-945E-2F16A5332CE9}.Release|x64.Build.0 = Release|Any CPU
		{07DDF432-3DA0-4B93-945E-2F16A5332CE9}.Release|x86.ActiveCfg = Release|Any CPU
		{07DDF432-3DA0-4B93-945E-2F16A5332CE9}.Release|x86.Build.0 = Release|Any CPU
	EndGlobalSection
	GlobalSection(SolutionProperties) = preSolution
		HideSolutionNode = FALSE
	EndGlobalSection
	GlobalSection(NestedProjects) = preSolution
		{4ADA4E3D-146A-4802-87F4-6F4EC103DBE9} = {4998D068-1641-455E-A83C-6867CE02939F}
		{0A4319E3-AA81-4FA5-AEFF-E95E96588916} = {4998D068-1641-455E-A83C-6867CE02939F}
		{63C38DDC-4CA8-4D7A-81B2-9440F4AC7C90} = {4998D068-1641-455E-A83C-6867CE02939F}
		{AC635037-9469-4D52-B899-F904EB19256D} = {4998D068-1641-455E-A83C-6867CE02939F}
		{CFE7DF54-7433-4A77-B8C4-69503BD4C744} = {4998D068-1641-455E-A83C-6867CE02939F}
		{1B13F01E-361B-4CBF-80C1-759FB3E29EA9} = {F99CBCBF-DB46-468C-85E3-D3BD2A856F03}
		{73005F90-5463-47E2-9301-A4A71D628981} = {CB553EDD-2565-4424-BD45-076A5F68C33E}
		{2E5785F2-CD59-4D37-A0FB-0C0184CA0424} = {CB553EDD-2565-4424-BD45-076A5F68C33E}
		{1B92AFA5-2024-4870-96B9-E71A33AD2D52} = {CB553EDD-2565-4424-BD45-076A5F68C33E}
		{BE539183-9A82-4990-8A4E-FD984492B470} = {54C9C530-E1DB-4BAF-B354-1E496C457CDB}
		{8A3B63FA-10A3-4CE9-8932-B3D9AC385018} = {54C9C530-E1DB-4BAF-B354-1E496C457CDB}
		{3E5925E6-8788-4DC1-9824-7ABF2CD83D3F} = {F99CBCBF-DB46-468C-85E3-D3BD2A856F03}
		{09EE72BC-022B-4C66-B805-706B9B90332D} = {269E0393-49FB-4513-9CCA-2D9EF8B83D2D}
		{42808417-9C5A-4CEC-9130-C7BA49A6BEB4} = {269E0393-49FB-4513-9CCA-2D9EF8B83D2D}
		{6F10B70A-ABDF-498A-9034-A297E9F14114} = {CB553EDD-2565-4424-BD45-076A5F68C33E}
		{B0BC8D7C-2562-4A09-8D28-798582C7AE71} = {CB553EDD-2565-4424-BD45-076A5F68C33E}
		{07DDF432-3DA0-4B93-945E-2F16A5332CE9} = {F99CBCBF-DB46-468C-85E3-D3BD2A856F03}
	EndGlobalSection
EndGlobal
